// !$*UTF8*$!
{
	archiveVersion = 1;
	classes = {
	};
	objectVersion = 50;
	objects = {

/* Begin PBXBuildFile section */
		DE77DAD724E6FE4D00095D73 /* AppDelegate.swift in Sources */ = {isa = PBXBuildFile; fileRef = DE77DAD624E6FE4D00095D73 /* AppDelegate.swift */; };
		DE77DAD924E6FE4D00095D73 /* SceneDelegate.swift in Sources */ = {isa = PBXBuildFile; fileRef = DE77DAD824E6FE4D00095D73 /* SceneDelegate.swift */; };
		DE77DAE024E6FE5000095D73 /* Assets.xcassets in Resources */ = {isa = PBXBuildFile; fileRef = DE77DADF24E6FE5000095D73 /* Assets.xcassets */; };
		DE77DAE324E6FE5000095D73 /* LaunchScreen.storyboard in Resources */ = {isa = PBXBuildFile; fileRef = DE77DAE124E6FE5000095D73 /* LaunchScreen.storyboard */; };
		DE77DAEE24E6FE5000095D73 /* memoTests.swift in Sources */ = {isa = PBXBuildFile; fileRef = DE77DAED24E6FE5000095D73 /* memoTests.swift */; };
		DE77DAF924E6FE5000095D73 /* memoUITests.swift in Sources */ = {isa = PBXBuildFile; fileRef = DE77DAF824E6FE5000095D73 /* memoUITests.swift */; };
		DE77DB0A24E7068800095D73 /* TabBar.storyboard in Resources */ = {isa = PBXBuildFile; fileRef = DE77DB0924E7068800095D73 /* TabBar.storyboard */; };
		DE77DB0C24E7079400095D73 /* Collections.storyboard in Resources */ = {isa = PBXBuildFile; fileRef = DE77DB0B24E7079400095D73 /* Collections.storyboard */; };
		DE77DB0E24E707A900095D73 /* Search.storyboard in Resources */ = {isa = PBXBuildFile; fileRef = DE77DB0D24E707A900095D73 /* Search.storyboard */; };
		DE77DB1024E707B600095D73 /* Config.storyboard in Resources */ = {isa = PBXBuildFile; fileRef = DE77DB0F24E707B600095D73 /* Config.storyboard */; };
		DE913EFE24EC092800383CFC /* AddWord.storyboard in Resources */ = {isa = PBXBuildFile; fileRef = DE913EFD24EC092800383CFC /* AddWord.storyboard */; };
		DE913F0024EC095200383CFC /* AddWordViewController.swift in Sources */ = {isa = PBXBuildFile; fileRef = DE913EFF24EC095200383CFC /* AddWordViewController.swift */; };
		DE913F0324EC4F5800383CFC /* DefinitionTableViewCell.swift in Sources */ = {isa = PBXBuildFile; fileRef = DE913F0124EC4F5800383CFC /* DefinitionTableViewCell.swift */; };
		DE913F0424EC4F5800383CFC /* DefinitionTableViewCell.xib in Resources */ = {isa = PBXBuildFile; fileRef = DE913F0224EC4F5800383CFC /* DefinitionTableViewCell.xib */; };
		DE913F0624EC554C00383CFC /* SF-Pro-Text-MediumItalic.otf in Resources */ = {isa = PBXBuildFile; fileRef = DE913F0524EC554C00383CFC /* SF-Pro-Text-MediumItalic.otf */; };
		DE913F0824ED5EE700383CFC /* Card.swift in Sources */ = {isa = PBXBuildFile; fileRef = DE913F0724ED5EE700383CFC /* Card.swift */; };
		DE913F0B24ED5FF300383CFC /* Classification.swift in Sources */ = {isa = PBXBuildFile; fileRef = DE913F0A24ED5FF300383CFC /* Classification.swift */; };
		DE913F0E24ED61B400383CFC /* Collection.swift in Sources */ = {isa = PBXBuildFile; fileRef = DE913F0D24ED61B400383CFC /* Collection.swift */; };
		DE913F1024ED69EB00383CFC /* CollectionRepository.swift in Sources */ = {isa = PBXBuildFile; fileRef = DE913F0F24ED69EB00383CFC /* CollectionRepository.swift */; };
		DE913F1224ED9E2800383CFC /* Helper.swift in Sources */ = {isa = PBXBuildFile; fileRef = DE913F1124ED9E2800383CFC /* Helper.swift */; };
		DE913F1524EDABE000383CFC /* Protocols.swift in Sources */ = {isa = PBXBuildFile; fileRef = DE913F1424EDABE000383CFC /* Protocols.swift */; };
		DE913F1724EEA6A500383CFC /* AnswerRepository.swift in Sources */ = {isa = PBXBuildFile; fileRef = DE913F1624EEA6A500383CFC /* AnswerRepository.swift */; };
		DE913F1924EEA71300383CFC /* Definition.swift in Sources */ = {isa = PBXBuildFile; fileRef = DE913F1824EEA71300383CFC /* Definition.swift */; };
		DE913F1B24EEA72400383CFC /* Answer.swift in Sources */ = {isa = PBXBuildFile; fileRef = DE913F1A24EEA72400383CFC /* Answer.swift */; };
		DE913F1D24EEF3DA00383CFC /* SearchViewController.swift in Sources */ = {isa = PBXBuildFile; fileRef = DE913F1C24EEF3DA00383CFC /* SearchViewController.swift */; };
		DE913F2024F1A15400383CFC /* FileManegerExtension.swift in Sources */ = {isa = PBXBuildFile; fileRef = DE913F1F24F1A15400383CFC /* FileManegerExtension.swift */; };
		DE913F2324F1B25600383CFC /* AddWordTableViewCell.swift in Sources */ = {isa = PBXBuildFile; fileRef = DE913F2124F1B25600383CFC /* AddWordTableViewCell.swift */; };
		DE913F2424F1B25600383CFC /* AddWordTableViewCell.xib in Resources */ = {isa = PBXBuildFile; fileRef = DE913F2224F1B25600383CFC /* AddWordTableViewCell.xib */; };
		DE913F2724F2E11500383CFC /* .swiftlint.yml in Resources */ = {isa = PBXBuildFile; fileRef = DE913F2624F2E11500383CFC /* .swiftlint.yml */; };
		DEF04A6824EAB7BD003457F2 /* ColecoesTableViewCell.swift in Sources */ = {isa = PBXBuildFile; fileRef = DEF04A6624EAB7BD003457F2 /* ColecoesTableViewCell.swift */; };
		DEF04A6924EAB7BD003457F2 /* ColecoesTableViewCell.xib in Resources */ = {isa = PBXBuildFile; fileRef = DEF04A6724EAB7BD003457F2 /* ColecoesTableViewCell.xib */; };
		DEF04A6C24EAC439003457F2 /* CollectionsViewController.swift in Sources */ = {isa = PBXBuildFile; fileRef = DEF04A6B24EAC439003457F2 /* CollectionsViewController.swift */; };
		DEF04A7224EACA2C003457F2 /* SF-Pro.ttf in Resources */ = {isa = PBXBuildFile; fileRef = DEF04A6E24EACA2C003457F2 /* SF-Pro.ttf */; };
		DEF04A7324EACA2C003457F2 /* SF-Pro-Text-Regular.otf in Resources */ = {isa = PBXBuildFile; fileRef = DEF04A6F24EACA2C003457F2 /* SF-Pro-Text-Regular.otf */; };
		DEF04A7424EACA2C003457F2 /* SF-Pro-Text-Bold.otf in Resources */ = {isa = PBXBuildFile; fileRef = DEF04A7024EACA2C003457F2 /* SF-Pro-Text-Bold.otf */; };
		DEF04A7524EACA2C003457F2 /* SF-Pro-Text-Medium.otf in Resources */ = {isa = PBXBuildFile; fileRef = DEF04A7124EACA2C003457F2 /* SF-Pro-Text-Medium.otf */; };
		DEF04A7924EAF02F003457F2 /* SF-Pro-Text-Semibold.otf in Resources */ = {isa = PBXBuildFile; fileRef = DEF04A7824EAF02F003457F2 /* SF-Pro-Text-Semibold.otf */; };
		DEF04A7C24EAFF5C003457F2 /* Review.storyboard in Resources */ = {isa = PBXBuildFile; fileRef = DEF04A7B24EAFF5C003457F2 /* Review.storyboard */; };
		DEF04A7E24EB068E003457F2 /* ReviewViewController.swift in Sources */ = {isa = PBXBuildFile; fileRef = DEF04A7D24EB068E003457F2 /* ReviewViewController.swift */; };
		DEF04A8024EB0CAE003457F2 /* AddCollection.storyboard in Resources */ = {isa = PBXBuildFile; fileRef = DEF04A7F24EB0CAE003457F2 /* AddCollection.storyboard */; };
		DEF04A8224EB0CC0003457F2 /* AddCollectionViewController.swift in Sources */ = {isa = PBXBuildFile; fileRef = DEF04A8124EB0CC0003457F2 /* AddCollectionViewController.swift */; };
/* End PBXBuildFile section */

/* Begin PBXContainerItemProxy section */
		DE77DAEA24E6FE5000095D73 /* PBXContainerItemProxy */ = {
			isa = PBXContainerItemProxy;
			containerPortal = DE77DACB24E6FE4D00095D73 /* Project object */;
			proxyType = 1;
			remoteGlobalIDString = DE77DAD224E6FE4D00095D73;
			remoteInfo = memo;
		};
		DE77DAF524E6FE5000095D73 /* PBXContainerItemProxy */ = {
			isa = PBXContainerItemProxy;
			containerPortal = DE77DACB24E6FE4D00095D73 /* Project object */;
			proxyType = 1;
			remoteGlobalIDString = DE77DAD224E6FE4D00095D73;
			remoteInfo = memo;
		};
/* End PBXContainerItemProxy section */

/* Begin PBXFileReference section */
		DE77DAD324E6FE4D00095D73 /* memo.app */ = {isa = PBXFileReference; explicitFileType = wrapper.application; includeInIndex = 0; path = memo.app; sourceTree = BUILT_PRODUCTS_DIR; };
		DE77DAD624E6FE4D00095D73 /* AppDelegate.swift */ = {isa = PBXFileReference; lastKnownFileType = sourcecode.swift; path = AppDelegate.swift; sourceTree = "<group>"; };
		DE77DAD824E6FE4D00095D73 /* SceneDelegate.swift */ = {isa = PBXFileReference; lastKnownFileType = sourcecode.swift; path = SceneDelegate.swift; sourceTree = "<group>"; };
		DE77DADF24E6FE5000095D73 /* Assets.xcassets */ = {isa = PBXFileReference; lastKnownFileType = folder.assetcatalog; path = Assets.xcassets; sourceTree = "<group>"; };
		DE77DAE224E6FE5000095D73 /* Base */ = {isa = PBXFileReference; lastKnownFileType = file.storyboard; name = Base; path = Base.lproj/LaunchScreen.storyboard; sourceTree = "<group>"; };
		DE77DAE424E6FE5000095D73 /* Info.plist */ = {isa = PBXFileReference; lastKnownFileType = text.plist.xml; path = Info.plist; sourceTree = "<group>"; };
		DE77DAE924E6FE5000095D73 /* memoTests.xctest */ = {isa = PBXFileReference; explicitFileType = wrapper.cfbundle; includeInIndex = 0; path = memoTests.xctest; sourceTree = BUILT_PRODUCTS_DIR; };
		DE77DAED24E6FE5000095D73 /* memoTests.swift */ = {isa = PBXFileReference; lastKnownFileType = sourcecode.swift; path = memoTests.swift; sourceTree = "<group>"; };
		DE77DAEF24E6FE5000095D73 /* Info.plist */ = {isa = PBXFileReference; lastKnownFileType = text.plist.xml; path = Info.plist; sourceTree = "<group>"; };
		DE77DAF424E6FE5000095D73 /* memoUITests.xctest */ = {isa = PBXFileReference; explicitFileType = wrapper.cfbundle; includeInIndex = 0; path = memoUITests.xctest; sourceTree = BUILT_PRODUCTS_DIR; };
		DE77DAF824E6FE5000095D73 /* memoUITests.swift */ = {isa = PBXFileReference; lastKnownFileType = sourcecode.swift; path = memoUITests.swift; sourceTree = "<group>"; };
		DE77DAFA24E6FE5000095D73 /* Info.plist */ = {isa = PBXFileReference; lastKnownFileType = text.plist.xml; path = Info.plist; sourceTree = "<group>"; };
		DE77DB0924E7068800095D73 /* TabBar.storyboard */ = {isa = PBXFileReference; lastKnownFileType = file.storyboard; path = TabBar.storyboard; sourceTree = "<group>"; };
		DE77DB0B24E7079400095D73 /* Collections.storyboard */ = {isa = PBXFileReference; lastKnownFileType = file.storyboard; path = Collections.storyboard; sourceTree = "<group>"; };
		DE77DB0D24E707A900095D73 /* Search.storyboard */ = {isa = PBXFileReference; lastKnownFileType = file.storyboard; path = Search.storyboard; sourceTree = "<group>"; };
		DE77DB0F24E707B600095D73 /* Config.storyboard */ = {isa = PBXFileReference; lastKnownFileType = file.storyboard; path = Config.storyboard; sourceTree = "<group>"; };
		DE913EFD24EC092800383CFC /* AddWord.storyboard */ = {isa = PBXFileReference; lastKnownFileType = file.storyboard; path = AddWord.storyboard; sourceTree = "<group>"; };
		DE913EFF24EC095200383CFC /* AddWordViewController.swift */ = {isa = PBXFileReference; lastKnownFileType = sourcecode.swift; path = AddWordViewController.swift; sourceTree = "<group>"; };
		DE913F0124EC4F5800383CFC /* DefinitionTableViewCell.swift */ = {isa = PBXFileReference; lastKnownFileType = sourcecode.swift; path = DefinitionTableViewCell.swift; sourceTree = "<group>"; };
		DE913F0224EC4F5800383CFC /* DefinitionTableViewCell.xib */ = {isa = PBXFileReference; lastKnownFileType = file.xib; path = DefinitionTableViewCell.xib; sourceTree = "<group>"; };
		DE913F0524EC554C00383CFC /* SF-Pro-Text-MediumItalic.otf */ = {isa = PBXFileReference; lastKnownFileType = file; path = "SF-Pro-Text-MediumItalic.otf"; sourceTree = "<group>"; };
		DE913F0724ED5EE700383CFC /* Card.swift */ = {isa = PBXFileReference; lastKnownFileType = sourcecode.swift; path = Card.swift; sourceTree = "<group>"; };
		DE913F0A24ED5FF300383CFC /* Classification.swift */ = {isa = PBXFileReference; lastKnownFileType = sourcecode.swift; path = Classification.swift; sourceTree = "<group>"; };
		DE913F0D24ED61B400383CFC /* Collection.swift */ = {isa = PBXFileReference; lastKnownFileType = sourcecode.swift; path = Collection.swift; sourceTree = "<group>"; };
		DE913F0F24ED69EB00383CFC /* CollectionRepository.swift */ = {isa = PBXFileReference; lastKnownFileType = sourcecode.swift; path = CollectionRepository.swift; sourceTree = "<group>"; };
		DE913F1124ED9E2800383CFC /* Helper.swift */ = {isa = PBXFileReference; lastKnownFileType = sourcecode.swift; path = Helper.swift; sourceTree = "<group>"; };
		DE913F1424EDABE000383CFC /* Protocols.swift */ = {isa = PBXFileReference; lastKnownFileType = sourcecode.swift; path = Protocols.swift; sourceTree = "<group>"; };
		DE913F1624EEA6A500383CFC /* AnswerRepository.swift */ = {isa = PBXFileReference; lastKnownFileType = sourcecode.swift; path = AnswerRepository.swift; sourceTree = "<group>"; };
		DE913F1824EEA71300383CFC /* Definition.swift */ = {isa = PBXFileReference; lastKnownFileType = sourcecode.swift; path = Definition.swift; sourceTree = "<group>"; };
		DE913F1A24EEA72400383CFC /* Answer.swift */ = {isa = PBXFileReference; lastKnownFileType = sourcecode.swift; path = Answer.swift; sourceTree = "<group>"; };
		DE913F1C24EEF3DA00383CFC /* SearchViewController.swift */ = {isa = PBXFileReference; lastKnownFileType = sourcecode.swift; path = SearchViewController.swift; sourceTree = "<group>"; };
		DE913F1F24F1A15400383CFC /* FileManegerExtension.swift */ = {isa = PBXFileReference; lastKnownFileType = sourcecode.swift; path = FileManegerExtension.swift; sourceTree = "<group>"; };
		DE913F2124F1B25600383CFC /* AddWordTableViewCell.swift */ = {isa = PBXFileReference; lastKnownFileType = sourcecode.swift; path = AddWordTableViewCell.swift; sourceTree = "<group>"; };
		DE913F2224F1B25600383CFC /* AddWordTableViewCell.xib */ = {isa = PBXFileReference; lastKnownFileType = file.xib; path = AddWordTableViewCell.xib; sourceTree = "<group>"; };
		DE913F2624F2E11500383CFC /* .swiftlint.yml */ = {isa = PBXFileReference; lastKnownFileType = text.yaml; path = .swiftlint.yml; sourceTree = "<group>"; };
		DEF04A6624EAB7BD003457F2 /* ColecoesTableViewCell.swift */ = {isa = PBXFileReference; lastKnownFileType = sourcecode.swift; path = ColecoesTableViewCell.swift; sourceTree = "<group>"; };
		DEF04A6724EAB7BD003457F2 /* ColecoesTableViewCell.xib */ = {isa = PBXFileReference; lastKnownFileType = file.xib; path = ColecoesTableViewCell.xib; sourceTree = "<group>"; };
		DEF04A6B24EAC439003457F2 /* CollectionsViewController.swift */ = {isa = PBXFileReference; lastKnownFileType = sourcecode.swift; path = CollectionsViewController.swift; sourceTree = "<group>"; };
		DEF04A6E24EACA2C003457F2 /* SF-Pro.ttf */ = {isa = PBXFileReference; lastKnownFileType = file; path = "SF-Pro.ttf"; sourceTree = "<group>"; };
		DEF04A6F24EACA2C003457F2 /* SF-Pro-Text-Regular.otf */ = {isa = PBXFileReference; lastKnownFileType = file; path = "SF-Pro-Text-Regular.otf"; sourceTree = "<group>"; };
		DEF04A7024EACA2C003457F2 /* SF-Pro-Text-Bold.otf */ = {isa = PBXFileReference; lastKnownFileType = file; path = "SF-Pro-Text-Bold.otf"; sourceTree = "<group>"; };
		DEF04A7124EACA2C003457F2 /* SF-Pro-Text-Medium.otf */ = {isa = PBXFileReference; lastKnownFileType = file; path = "SF-Pro-Text-Medium.otf"; sourceTree = "<group>"; };
		DEF04A7824EAF02F003457F2 /* SF-Pro-Text-Semibold.otf */ = {isa = PBXFileReference; lastKnownFileType = file; path = "SF-Pro-Text-Semibold.otf"; sourceTree = "<group>"; };
		DEF04A7B24EAFF5C003457F2 /* Review.storyboard */ = {isa = PBXFileReference; lastKnownFileType = file.storyboard; path = Review.storyboard; sourceTree = "<group>"; };
		DEF04A7D24EB068E003457F2 /* ReviewViewController.swift */ = {isa = PBXFileReference; lastKnownFileType = sourcecode.swift; path = ReviewViewController.swift; sourceTree = "<group>"; };
		DEF04A7F24EB0CAE003457F2 /* AddCollection.storyboard */ = {isa = PBXFileReference; lastKnownFileType = file.storyboard; path = AddCollection.storyboard; sourceTree = "<group>"; };
		DEF04A8124EB0CC0003457F2 /* AddCollectionViewController.swift */ = {isa = PBXFileReference; lastKnownFileType = sourcecode.swift; path = AddCollectionViewController.swift; sourceTree = "<group>"; };
/* End PBXFileReference section */

/* Begin PBXFrameworksBuildPhase section */
		DE77DAD024E6FE4D00095D73 /* Frameworks */ = {
			isa = PBXFrameworksBuildPhase;
			buildActionMask = 2147483647;
			files = (
			);
			runOnlyForDeploymentPostprocessing = 0;
		};
		DE77DAE624E6FE5000095D73 /* Frameworks */ = {
			isa = PBXFrameworksBuildPhase;
			buildActionMask = 2147483647;
			files = (
			);
			runOnlyForDeploymentPostprocessing = 0;
		};
		DE77DAF124E6FE5000095D73 /* Frameworks */ = {
			isa = PBXFrameworksBuildPhase;
			buildActionMask = 2147483647;
			files = (
			);
			runOnlyForDeploymentPostprocessing = 0;
		};
/* End PBXFrameworksBuildPhase section */

/* Begin PBXGroup section */
		DE77DACA24E6FE4D00095D73 = {
			isa = PBXGroup;
			children = (
				DE913F2624F2E11500383CFC /* .swiftlint.yml */,
				DE77DAD524E6FE4D00095D73 /* memo */,
				DE77DAEC24E6FE5000095D73 /* memoTests */,
				DE77DAF724E6FE5000095D73 /* memoUITests */,
				DE77DAD424E6FE4D00095D73 /* Products */,
			);
			sourceTree = "<group>";
		};
		DE77DAD424E6FE4D00095D73 /* Products */ = {
			isa = PBXGroup;
			children = (
				DE77DAD324E6FE4D00095D73 /* memo.app */,
				DE77DAE924E6FE5000095D73 /* memoTests.xctest */,
				DE77DAF424E6FE5000095D73 /* memoUITests.xctest */,
			);
			name = Products;
			sourceTree = "<group>";
		};
		DE77DAD524E6FE4D00095D73 /* memo */ = {
			isa = PBXGroup;
			children = (
				DE913F1E24F1A13100383CFC /* Extensions */,
				DEF04A6D24EAC9F1003457F2 /* Fonts */,
				DE913F0C24ED604A00383CFC /* Helpers */,
				DE913F0924ED5F8000383CFC /* Algorithm */,
				DE77DB0824E7065D00095D73 /* Model */,
				DEF04A7A24EAFABD003457F2 /* Repository */,
				DE77DB0724E7065400095D73 /* Controller */,
				DE77DB0624E7064600095D73 /* View */,
				DE77DAD624E6FE4D00095D73 /* AppDelegate.swift */,
				DE77DAD824E6FE4D00095D73 /* SceneDelegate.swift */,
				DE77DAE424E6FE5000095D73 /* Info.plist */,
			);
			path = memo;
			sourceTree = "<group>";
		};
		DE77DAEC24E6FE5000095D73 /* memoTests */ = {
			isa = PBXGroup;
			children = (
				DE77DAED24E6FE5000095D73 /* memoTests.swift */,
				DE77DAEF24E6FE5000095D73 /* Info.plist */,
			);
			path = memoTests;
			sourceTree = "<group>";
		};
		DE77DAF724E6FE5000095D73 /* memoUITests */ = {
			isa = PBXGroup;
			children = (
				DE77DAF824E6FE5000095D73 /* memoUITests.swift */,
				DE77DAFA24E6FE5000095D73 /* Info.plist */,
			);
			path = memoUITests;
			sourceTree = "<group>";
		};
		DE77DB0624E7064600095D73 /* View */ = {
			isa = PBXGroup;
			children = (
				DE77DADF24E6FE5000095D73 /* Assets.xcassets */,
				DEF04A6524EAB6C3003457F2 /* Xibs */,
				DE77DAE124E6FE5000095D73 /* LaunchScreen.storyboard */,
				DE77DB0924E7068800095D73 /* TabBar.storyboard */,
				DE77DB0B24E7079400095D73 /* Collections.storyboard */,
				DEF04A7F24EB0CAE003457F2 /* AddCollection.storyboard */,
				DEF04A7B24EAFF5C003457F2 /* Review.storyboard */,
				DE77DB0D24E707A900095D73 /* Search.storyboard */,
				DE913EFD24EC092800383CFC /* AddWord.storyboard */,
				DE77DB0F24E707B600095D73 /* Config.storyboard */,
			);
			path = View;
			sourceTree = "<group>";
		};
		DE77DB0724E7065400095D73 /* Controller */ = {
			isa = PBXGroup;
			children = (
				DEF04A6A24EAB7C9003457F2 /* XibController */,
				DEF04A6B24EAC439003457F2 /* CollectionsViewController.swift */,
				DE913F1C24EEF3DA00383CFC /* SearchViewController.swift */,
				DEF04A7D24EB068E003457F2 /* ReviewViewController.swift */,
				DEF04A8124EB0CC0003457F2 /* AddCollectionViewController.swift */,
				DE913EFF24EC095200383CFC /* AddWordViewController.swift */,
			);
			path = Controller;
			sourceTree = "<group>";
		};
		DE77DB0824E7065D00095D73 /* Model */ = {
			isa = PBXGroup;
			children = (
				DE913F0724ED5EE700383CFC /* Card.swift */,
				DE913F0D24ED61B400383CFC /* Collection.swift */,
				DE913F1824EEA71300383CFC /* Definition.swift */,
				DE913F1A24EEA72400383CFC /* Answer.swift */,
			);
			path = Model;
			sourceTree = "<group>";
		};
		DE913F0924ED5F8000383CFC /* Algorithm */ = {
			isa = PBXGroup;
			children = (
				DE913F0A24ED5FF300383CFC /* Classification.swift */,
			);
			path = Algorithm;
			sourceTree = "<group>";
		};
		DE913F0C24ED604A00383CFC /* Helpers */ = {
			isa = PBXGroup;
			children = (
				DE913F1124ED9E2800383CFC /* Helper.swift */,
				DE913F1424EDABE000383CFC /* Protocols.swift */,
			);
			path = Helpers;
			sourceTree = "<group>";
		};
		DE913F1E24F1A13100383CFC /* Extensions */ = {
			isa = PBXGroup;
			children = (
				DE913F1F24F1A15400383CFC /* FileManegerExtension.swift */,
			);
			path = Extensions;
			sourceTree = "<group>";
		};
		DEF04A6524EAB6C3003457F2 /* Xibs */ = {
			isa = PBXGroup;
			children = (
				DEF04A6724EAB7BD003457F2 /* ColecoesTableViewCell.xib */,
				DE913F0224EC4F5800383CFC /* DefinitionTableViewCell.xib */,
				DE913F2224F1B25600383CFC /* AddWordTableViewCell.xib */,
			);
			path = Xibs;
			sourceTree = "<group>";
		};
		DEF04A6A24EAB7C9003457F2 /* XibController */ = {
			isa = PBXGroup;
			children = (
				DEF04A6624EAB7BD003457F2 /* ColecoesTableViewCell.swift */,
				DE913F0124EC4F5800383CFC /* DefinitionTableViewCell.swift */,
				DE913F2124F1B25600383CFC /* AddWordTableViewCell.swift */,
			);
			path = XibController;
			sourceTree = "<group>";
		};
		DEF04A6D24EAC9F1003457F2 /* Fonts */ = {
			isa = PBXGroup;
			children = (
				DE913F0524EC554C00383CFC /* SF-Pro-Text-MediumItalic.otf */,
				DEF04A7824EAF02F003457F2 /* SF-Pro-Text-Semibold.otf */,
				DEF04A7024EACA2C003457F2 /* SF-Pro-Text-Bold.otf */,
				DEF04A7124EACA2C003457F2 /* SF-Pro-Text-Medium.otf */,
				DEF04A6F24EACA2C003457F2 /* SF-Pro-Text-Regular.otf */,
				DEF04A6E24EACA2C003457F2 /* SF-Pro.ttf */,
			);
			path = Fonts;
			sourceTree = "<group>";
		};
		DEF04A7A24EAFABD003457F2 /* Repository */ = {
			isa = PBXGroup;
			children = (
				DE913F0F24ED69EB00383CFC /* CollectionRepository.swift */,
				DE913F1624EEA6A500383CFC /* AnswerRepository.swift */,
			);
			path = Repository;
			sourceTree = "<group>";
		};
/* End PBXGroup section */

/* Begin PBXNativeTarget section */
		DE77DAD224E6FE4D00095D73 /* memo */ = {
			isa = PBXNativeTarget;
			buildConfigurationList = DE77DAFD24E6FE5000095D73 /* Build configuration list for PBXNativeTarget "memo" */;
			buildPhases = (
				DE77DACF24E6FE4D00095D73 /* Sources */,
				DE77DAD024E6FE4D00095D73 /* Frameworks */,
				DE77DAD124E6FE4D00095D73 /* Resources */,
				DE913F2524F2DD2400383CFC /* ShellScript */,
			);
			buildRules = (
			);
			dependencies = (
			);
			name = memo;
			productName = memo;
			productReference = DE77DAD324E6FE4D00095D73 /* memo.app */;
			productType = "com.apple.product-type.application";
		};
		DE77DAE824E6FE5000095D73 /* memoTests */ = {
			isa = PBXNativeTarget;
			buildConfigurationList = DE77DB0024E6FE5000095D73 /* Build configuration list for PBXNativeTarget "memoTests" */;
			buildPhases = (
				DE77DAE524E6FE5000095D73 /* Sources */,
				DE77DAE624E6FE5000095D73 /* Frameworks */,
				DE77DAE724E6FE5000095D73 /* Resources */,
			);
			buildRules = (
			);
			dependencies = (
				DE77DAEB24E6FE5000095D73 /* PBXTargetDependency */,
			);
			name = memoTests;
			productName = memoTests;
			productReference = DE77DAE924E6FE5000095D73 /* memoTests.xctest */;
			productType = "com.apple.product-type.bundle.unit-test";
		};
		DE77DAF324E6FE5000095D73 /* memoUITests */ = {
			isa = PBXNativeTarget;
			buildConfigurationList = DE77DB0324E6FE5000095D73 /* Build configuration list for PBXNativeTarget "memoUITests" */;
			buildPhases = (
				DE77DAF024E6FE5000095D73 /* Sources */,
				DE77DAF124E6FE5000095D73 /* Frameworks */,
				DE77DAF224E6FE5000095D73 /* Resources */,
			);
			buildRules = (
			);
			dependencies = (
				DE77DAF624E6FE5000095D73 /* PBXTargetDependency */,
			);
			name = memoUITests;
			productName = memoUITests;
			productReference = DE77DAF424E6FE5000095D73 /* memoUITests.xctest */;
			productType = "com.apple.product-type.bundle.ui-testing";
		};
/* End PBXNativeTarget section */

/* Begin PBXProject section */
		DE77DACB24E6FE4D00095D73 /* Project object */ = {
			isa = PBXProject;
			attributes = {
				LastSwiftUpdateCheck = 1160;
				LastUpgradeCheck = 1160;
				ORGANIZATIONNAME = "Academy IFCE";
				TargetAttributes = {
					DE77DAD224E6FE4D00095D73 = {
						CreatedOnToolsVersion = 11.6;
					};
					DE77DAE824E6FE5000095D73 = {
						CreatedOnToolsVersion = 11.6;
						TestTargetID = DE77DAD224E6FE4D00095D73;
					};
					DE77DAF324E6FE5000095D73 = {
						CreatedOnToolsVersion = 11.6;
						TestTargetID = DE77DAD224E6FE4D00095D73;
					};
				};
			};
			buildConfigurationList = DE77DACE24E6FE4D00095D73 /* Build configuration list for PBXProject "memo" */;
			compatibilityVersion = "Xcode 9.3";
			developmentRegion = en;
			hasScannedForEncodings = 0;
			knownRegions = (
				en,
				Base,
			);
			mainGroup = DE77DACA24E6FE4D00095D73;
			productRefGroup = DE77DAD424E6FE4D00095D73 /* Products */;
			projectDirPath = "";
			projectRoot = "";
			targets = (
				DE77DAD224E6FE4D00095D73 /* memo */,
				DE77DAE824E6FE5000095D73 /* memoTests */,
				DE77DAF324E6FE5000095D73 /* memoUITests */,
			);
		};
/* End PBXProject section */

/* Begin PBXResourcesBuildPhase section */
		DE77DAD124E6FE4D00095D73 /* Resources */ = {
			isa = PBXResourcesBuildPhase;
			buildActionMask = 2147483647;
			files = (
				DEF04A7924EAF02F003457F2 /* SF-Pro-Text-Semibold.otf in Resources */,
				DE913F2724F2E11500383CFC /* .swiftlint.yml in Resources */,
				DE77DB0C24E7079400095D73 /* Collections.storyboard in Resources */,
				DEF04A7C24EAFF5C003457F2 /* Review.storyboard in Resources */,
				DE77DAE324E6FE5000095D73 /* LaunchScreen.storyboard in Resources */,
				DE77DB1024E707B600095D73 /* Config.storyboard in Resources */,
				DEF04A6924EAB7BD003457F2 /* ColecoesTableViewCell.xib in Resources */,
				DE77DB0A24E7068800095D73 /* TabBar.storyboard in Resources */,
				DE913F2424F1B25600383CFC /* AddWordTableViewCell.xib in Resources */,
				DE913EFE24EC092800383CFC /* AddWord.storyboard in Resources */,
				DE913F0424EC4F5800383CFC /* DefinitionTableViewCell.xib in Resources */,
				DEF04A7524EACA2C003457F2 /* SF-Pro-Text-Medium.otf in Resources */,
				DEF04A8024EB0CAE003457F2 /* AddCollection.storyboard in Resources */,
				DEF04A7224EACA2C003457F2 /* SF-Pro.ttf in Resources */,
				DEF04A7424EACA2C003457F2 /* SF-Pro-Text-Bold.otf in Resources */,
				DE913F0624EC554C00383CFC /* SF-Pro-Text-MediumItalic.otf in Resources */,
				DEF04A7324EACA2C003457F2 /* SF-Pro-Text-Regular.otf in Resources */,
				DE77DAE024E6FE5000095D73 /* Assets.xcassets in Resources */,
				DE77DB0E24E707A900095D73 /* Search.storyboard in Resources */,
			);
			runOnlyForDeploymentPostprocessing = 0;
		};
		DE77DAE724E6FE5000095D73 /* Resources */ = {
			isa = PBXResourcesBuildPhase;
			buildActionMask = 2147483647;
			files = (
			);
			runOnlyForDeploymentPostprocessing = 0;
		};
		DE77DAF224E6FE5000095D73 /* Resources */ = {
			isa = PBXResourcesBuildPhase;
			buildActionMask = 2147483647;
			files = (
			);
			runOnlyForDeploymentPostprocessing = 0;
		};
/* End PBXResourcesBuildPhase section */

/* Begin PBXShellScriptBuildPhase section */
		DE913F2524F2DD2400383CFC /* ShellScript */ = {
			isa = PBXShellScriptBuildPhase;
			buildActionMask = 2147483647;
			files = (
			);
			inputFileListPaths = (
			);
			inputPaths = (
			);
			outputFileListPaths = (
			);
			outputPaths = (
			);
			runOnlyForDeploymentPostprocessing = 0;
			shellPath = /bin/sh;
			shellScript = "if which swiftlint >/dev/null; then\n  swiftlint\nelse\n  echo \"warning: SwiftLint not installed, download from https://github.com/realm/SwiftLint\"\nfi\n";
		};
/* End PBXShellScriptBuildPhase section */

/* Begin PBXSourcesBuildPhase section */
		DE77DACF24E6FE4D00095D73 /* Sources */ = {
			isa = PBXSourcesBuildPhase;
			buildActionMask = 2147483647;
			files = (
				DEF04A6C24EAC439003457F2 /* CollectionsViewController.swift in Sources */,
				DE913F1024ED69EB00383CFC /* CollectionRepository.swift in Sources */,
				DE913F0824ED5EE700383CFC /* Card.swift in Sources */,
				DE77DAD724E6FE4D00095D73 /* AppDelegate.swift in Sources */,
				DE913F1924EEA71300383CFC /* Definition.swift in Sources */,
				DE913F2324F1B25600383CFC /* AddWordTableViewCell.swift in Sources */,
				DE913F0024EC095200383CFC /* AddWordViewController.swift in Sources */,
				DE913F1724EEA6A500383CFC /* AnswerRepository.swift in Sources */,
				DE913F1B24EEA72400383CFC /* Answer.swift in Sources */,
				DE913F2024F1A15400383CFC /* FileManegerExtension.swift in Sources */,
				DEF04A8224EB0CC0003457F2 /* AddCollectionViewController.swift in Sources */,
				DE913F0324EC4F5800383CFC /* DefinitionTableViewCell.swift in Sources */,
				DEF04A7E24EB068E003457F2 /* ReviewViewController.swift in Sources */,
				DE77DAD924E6FE4D00095D73 /* SceneDelegate.swift in Sources */,
				DE913F1D24EEF3DA00383CFC /* SearchViewController.swift in Sources */,
				DE913F1524EDABE000383CFC /* Protocols.swift in Sources */,
				DE913F0E24ED61B400383CFC /* Collection.swift in Sources */,
				DE913F1224ED9E2800383CFC /* Helper.swift in Sources */,
				DEF04A6824EAB7BD003457F2 /* ColecoesTableViewCell.swift in Sources */,
				DE913F0B24ED5FF300383CFC /* Classification.swift in Sources */,
			);
			runOnlyForDeploymentPostprocessing = 0;
		};
		DE77DAE524E6FE5000095D73 /* Sources */ = {
			isa = PBXSourcesBuildPhase;
			buildActionMask = 2147483647;
			files = (
				DE77DAEE24E6FE5000095D73 /* memoTests.swift in Sources */,
			);
			runOnlyForDeploymentPostprocessing = 0;
		};
		DE77DAF024E6FE5000095D73 /* Sources */ = {
			isa = PBXSourcesBuildPhase;
			buildActionMask = 2147483647;
			files = (
				DE77DAF924E6FE5000095D73 /* memoUITests.swift in Sources */,
			);
			runOnlyForDeploymentPostprocessing = 0;
		};
/* End PBXSourcesBuildPhase section */

/* Begin PBXTargetDependency section */
		DE77DAEB24E6FE5000095D73 /* PBXTargetDependency */ = {
			isa = PBXTargetDependency;
			target = DE77DAD224E6FE4D00095D73 /* memo */;
			targetProxy = DE77DAEA24E6FE5000095D73 /* PBXContainerItemProxy */;
		};
		DE77DAF624E6FE5000095D73 /* PBXTargetDependency */ = {
			isa = PBXTargetDependency;
			target = DE77DAD224E6FE4D00095D73 /* memo */;
			targetProxy = DE77DAF524E6FE5000095D73 /* PBXContainerItemProxy */;
		};
/* End PBXTargetDependency section */

/* Begin PBXVariantGroup section */
		DE77DAE124E6FE5000095D73 /* LaunchScreen.storyboard */ = {
			isa = PBXVariantGroup;
			children = (
				DE77DAE224E6FE5000095D73 /* Base */,
			);
			name = LaunchScreen.storyboard;
			sourceTree = "<group>";
		};
/* End PBXVariantGroup section */

/* Begin XCBuildConfiguration section */
		DE77DAFB24E6FE5000095D73 /* Debug */ = {
			isa = XCBuildConfiguration;
			buildSettings = {
				ALWAYS_SEARCH_USER_PATHS = NO;
				CLANG_ANALYZER_NONNULL = YES;
				CLANG_ANALYZER_NUMBER_OBJECT_CONVERSION = YES_AGGRESSIVE;
				CLANG_CXX_LANGUAGE_STANDARD = "gnu++14";
				CLANG_CXX_LIBRARY = "libc++";
				CLANG_ENABLE_MODULES = YES;
				CLANG_ENABLE_OBJC_ARC = YES;
				CLANG_ENABLE_OBJC_WEAK = YES;
				CLANG_WARN_BLOCK_CAPTURE_AUTORELEASING = YES;
				CLANG_WARN_BOOL_CONVERSION = YES;
				CLANG_WARN_COMMA = YES;
				CLANG_WARN_CONSTANT_CONVERSION = YES;
				CLANG_WARN_DEPRECATED_OBJC_IMPLEMENTATIONS = YES;
				CLANG_WARN_DIRECT_OBJC_ISA_USAGE = YES_ERROR;
				CLANG_WARN_DOCUMENTATION_COMMENTS = YES;
				CLANG_WARN_EMPTY_BODY = YES;
				CLANG_WARN_ENUM_CONVERSION = YES;
				CLANG_WARN_INFINITE_RECURSION = YES;
				CLANG_WARN_INT_CONVERSION = YES;
				CLANG_WARN_NON_LITERAL_NULL_CONVERSION = YES;
				CLANG_WARN_OBJC_IMPLICIT_RETAIN_SELF = YES;
				CLANG_WARN_OBJC_LITERAL_CONVERSION = YES;
				CLANG_WARN_OBJC_ROOT_CLASS = YES_ERROR;
				CLANG_WARN_RANGE_LOOP_ANALYSIS = YES;
				CLANG_WARN_STRICT_PROTOTYPES = YES;
				CLANG_WARN_SUSPICIOUS_MOVE = YES;
				CLANG_WARN_UNGUARDED_AVAILABILITY = YES_AGGRESSIVE;
				CLANG_WARN_UNREACHABLE_CODE = YES;
				CLANG_WARN__DUPLICATE_METHOD_MATCH = YES;
				COPY_PHASE_STRIP = NO;
				DEBUG_INFORMATION_FORMAT = dwarf;
				ENABLE_STRICT_OBJC_MSGSEND = YES;
				ENABLE_TESTABILITY = YES;
				GCC_C_LANGUAGE_STANDARD = gnu11;
				GCC_DYNAMIC_NO_PIC = NO;
				GCC_NO_COMMON_BLOCKS = YES;
				GCC_OPTIMIZATION_LEVEL = 0;
				GCC_PREPROCESSOR_DEFINITIONS = (
					"DEBUG=1",
					"$(inherited)",
				);
				GCC_WARN_64_TO_32_BIT_CONVERSION = YES;
				GCC_WARN_ABOUT_RETURN_TYPE = YES_ERROR;
				GCC_WARN_UNDECLARED_SELECTOR = YES;
				GCC_WARN_UNINITIALIZED_AUTOS = YES_AGGRESSIVE;
				GCC_WARN_UNUSED_FUNCTION = YES;
				GCC_WARN_UNUSED_VARIABLE = YES;
				IPHONEOS_DEPLOYMENT_TARGET = 13.6;
				MTL_ENABLE_DEBUG_INFO = INCLUDE_SOURCE;
				MTL_FAST_MATH = YES;
				ONLY_ACTIVE_ARCH = YES;
				SDKROOT = iphoneos;
				SWIFT_ACTIVE_COMPILATION_CONDITIONS = DEBUG;
				SWIFT_OPTIMIZATION_LEVEL = "-Onone";
			};
			name = Debug;
		};
		DE77DAFC24E6FE5000095D73 /* Release */ = {
			isa = XCBuildConfiguration;
			buildSettings = {
				ALWAYS_SEARCH_USER_PATHS = NO;
				CLANG_ANALYZER_NONNULL = YES;
				CLANG_ANALYZER_NUMBER_OBJECT_CONVERSION = YES_AGGRESSIVE;
				CLANG_CXX_LANGUAGE_STANDARD = "gnu++14";
				CLANG_CXX_LIBRARY = "libc++";
				CLANG_ENABLE_MODULES = YES;
				CLANG_ENABLE_OBJC_ARC = YES;
				CLANG_ENABLE_OBJC_WEAK = YES;
				CLANG_WARN_BLOCK_CAPTURE_AUTORELEASING = YES;
				CLANG_WARN_BOOL_CONVERSION = YES;
				CLANG_WARN_COMMA = YES;
				CLANG_WARN_CONSTANT_CONVERSION = YES;
				CLANG_WARN_DEPRECATED_OBJC_IMPLEMENTATIONS = YES;
				CLANG_WARN_DIRECT_OBJC_ISA_USAGE = YES_ERROR;
				CLANG_WARN_DOCUMENTATION_COMMENTS = YES;
				CLANG_WARN_EMPTY_BODY = YES;
				CLANG_WARN_ENUM_CONVERSION = YES;
				CLANG_WARN_INFINITE_RECURSION = YES;
				CLANG_WARN_INT_CONVERSION = YES;
				CLANG_WARN_NON_LITERAL_NULL_CONVERSION = YES;
				CLANG_WARN_OBJC_IMPLICIT_RETAIN_SELF = YES;
				CLANG_WARN_OBJC_LITERAL_CONVERSION = YES;
				CLANG_WARN_OBJC_ROOT_CLASS = YES_ERROR;
				CLANG_WARN_RANGE_LOOP_ANALYSIS = YES;
				CLANG_WARN_STRICT_PROTOTYPES = YES;
				CLANG_WARN_SUSPICIOUS_MOVE = YES;
				CLANG_WARN_UNGUARDED_AVAILABILITY = YES_AGGRESSIVE;
				CLANG_WARN_UNREACHABLE_CODE = YES;
				CLANG_WARN__DUPLICATE_METHOD_MATCH = YES;
				COPY_PHASE_STRIP = NO;
				DEBUG_INFORMATION_FORMAT = "dwarf-with-dsym";
				ENABLE_NS_ASSERTIONS = NO;
				ENABLE_STRICT_OBJC_MSGSEND = YES;
				GCC_C_LANGUAGE_STANDARD = gnu11;
				GCC_NO_COMMON_BLOCKS = YES;
				GCC_WARN_64_TO_32_BIT_CONVERSION = YES;
				GCC_WARN_ABOUT_RETURN_TYPE = YES_ERROR;
				GCC_WARN_UNDECLARED_SELECTOR = YES;
				GCC_WARN_UNINITIALIZED_AUTOS = YES_AGGRESSIVE;
				GCC_WARN_UNUSED_FUNCTION = YES;
				GCC_WARN_UNUSED_VARIABLE = YES;
				IPHONEOS_DEPLOYMENT_TARGET = 13.6;
				MTL_ENABLE_DEBUG_INFO = NO;
				MTL_FAST_MATH = YES;
				SDKROOT = iphoneos;
				SWIFT_COMPILATION_MODE = wholemodule;
				SWIFT_OPTIMIZATION_LEVEL = "-O";
				VALIDATE_PRODUCT = YES;
			};
			name = Release;
		};
		DE77DAFE24E6FE5000095D73 /* Debug */ = {
			isa = XCBuildConfiguration;
			buildSettings = {
				ASSETCATALOG_COMPILER_APPICON_NAME = AppIcon;
				CODE_SIGN_STYLE = Automatic;
				DEVELOPMENT_TEAM = VV557L4WY2;
				INFOPLIST_FILE = memo/Info.plist;
				LD_RUNPATH_SEARCH_PATHS = (
					"$(inherited)",
					"@executable_path/Frameworks",
				);
				PRODUCT_BUNDLE_IDENTIFIER = com.academyifce.memo;
				PRODUCT_NAME = "$(TARGET_NAME)";
				SWIFT_VERSION = 5.0;
				TARGETED_DEVICE_FAMILY = "1,2";
			};
			name = Debug;
		};
		DE77DAFF24E6FE5000095D73 /* Release */ = {
			isa = XCBuildConfiguration;
			buildSettings = {
				ASSETCATALOG_COMPILER_APPICON_NAME = AppIcon;
				CODE_SIGN_STYLE = Automatic;
				DEVELOPMENT_TEAM = VV557L4WY2;
				INFOPLIST_FILE = memo/Info.plist;
				LD_RUNPATH_SEARCH_PATHS = (
					"$(inherited)",
					"@executable_path/Frameworks",
				);
				PRODUCT_BUNDLE_IDENTIFIER = com.academyifce.memo;
				PRODUCT_NAME = "$(TARGET_NAME)";
				SWIFT_VERSION = 5.0;
				TARGETED_DEVICE_FAMILY = "1,2";
			};
			name = Release;
		};
		DE77DB0124E6FE5000095D73 /* Debug */ = {
			isa = XCBuildConfiguration;
			buildSettings = {
				ALWAYS_EMBED_SWIFT_STANDARD_LIBRARIES = YES;
				BUNDLE_LOADER = "$(TEST_HOST)";
				CODE_SIGN_STYLE = Automatic;
				DEVELOPMENT_TEAM = VV557L4WY2;
				INFOPLIST_FILE = memoTests/Info.plist;
				IPHONEOS_DEPLOYMENT_TARGET = 13.6;
				LD_RUNPATH_SEARCH_PATHS = (
					"$(inherited)",
					"@executable_path/Frameworks",
					"@loader_path/Frameworks",
				);
				PRODUCT_BUNDLE_IDENTIFIER = com.academyifce.memoTests;
				PRODUCT_NAME = "$(TARGET_NAME)";
				SWIFT_VERSION = 5.0;
				TARGETED_DEVICE_FAMILY = "1,2";
				TEST_HOST = "$(BUILT_PRODUCTS_DIR)/memo.app/memo";
			};
			name = Debug;
		};
		DE77DB0224E6FE5000095D73 /* Release */ = {
			isa = XCBuildConfiguration;
			buildSettings = {
				ALWAYS_EMBED_SWIFT_STANDARD_LIBRARIES = YES;
				BUNDLE_LOADER = "$(TEST_HOST)";
				CODE_SIGN_STYLE = Automatic;
				DEVELOPMENT_TEAM = VV557L4WY2;
				INFOPLIST_FILE = memoTests/Info.plist;
				IPHONEOS_DEPLOYMENT_TARGET = 13.6;
				LD_RUNPATH_SEARCH_PATHS = (
					"$(inherited)",
					"@executable_path/Frameworks",
					"@loader_path/Frameworks",
				);
				PRODUCT_BUNDLE_IDENTIFIER = com.academyifce.memoTests;
				PRODUCT_NAME = "$(TARGET_NAME)";
				SWIFT_VERSION = 5.0;
				TARGETED_DEVICE_FAMILY = "1,2";
				TEST_HOST = "$(BUILT_PRODUCTS_DIR)/memo.app/memo";
			};
			name = Release;
		};
		DE77DB0424E6FE5000095D73 /* Debug */ = {
			isa = XCBuildConfiguration;
			buildSettings = {
				ALWAYS_EMBED_SWIFT_STANDARD_LIBRARIES = YES;
				CODE_SIGN_STYLE = Automatic;
				DEVELOPMENT_TEAM = VV557L4WY2;
				INFOPLIST_FILE = memoUITests/Info.plist;
				LD_RUNPATH_SEARCH_PATHS = (
					"$(inherited)",
					"@executable_path/Frameworks",
					"@loader_path/Frameworks",
				);
				PRODUCT_BUNDLE_IDENTIFIER = com.academyifce.memoUITests;
				PRODUCT_NAME = "$(TARGET_NAME)";
				SWIFT_VERSION = 5.0;
				TARGETED_DEVICE_FAMILY = "1,2";
				TEST_TARGET_NAME = memo;
			};
			name = Debug;
		};
		DE77DB0524E6FE5000095D73 /* Release */ = {
			isa = XCBuildConfiguration;
			buildSettings = {
				ALWAYS_EMBED_SWIFT_STANDARD_LIBRARIES = YES;
				CODE_SIGN_STYLE = Automatic;
				DEVELOPMENT_TEAM = VV557L4WY2;
				INFOPLIST_FILE = memoUITests/Info.plist;
				LD_RUNPATH_SEARCH_PATHS = (
					"$(inherited)",
					"@executable_path/Frameworks",
					"@loader_path/Frameworks",
				);
				PRODUCT_BUNDLE_IDENTIFIER = com.academyifce.memoUITests;
				PRODUCT_NAME = "$(TARGET_NAME)";
				SWIFT_VERSION = 5.0;
				TARGETED_DEVICE_FAMILY = "1,2";
				TEST_TARGET_NAME = memo;
			};
			name = Release;
		};
/* End XCBuildConfiguration section */

/* Begin XCConfigurationList section */
		DE77DACE24E6FE4D00095D73 /* Build configuration list for PBXProject "memo" */ = {
			isa = XCConfigurationList;
			buildConfigurations = (
				DE77DAFB24E6FE5000095D73 /* Debug */,
				DE77DAFC24E6FE5000095D73 /* Release */,
			);
			defaultConfigurationIsVisible = 0;
			defaultConfigurationName = Release;
		};
		DE77DAFD24E6FE5000095D73 /* Build configuration list for PBXNativeTarget "memo" */ = {
			isa = XCConfigurationList;
			buildConfigurations = (
				DE77DAFE24E6FE5000095D73 /* Debug */,
				DE77DAFF24E6FE5000095D73 /* Release */,
			);
			defaultConfigurationIsVisible = 0;
			defaultConfigurationName = Release;
		};
		DE77DB0024E6FE5000095D73 /* Build configuration list for PBXNativeTarget "memoTests" */ = {
			isa = XCConfigurationList;
			buildConfigurations = (
				DE77DB0124E6FE5000095D73 /* Debug */,
				DE77DB0224E6FE5000095D73 /* Release */,
			);
			defaultConfigurationIsVisible = 0;
			defaultConfigurationName = Release;
		};
		DE77DB0324E6FE5000095D73 /* Build configuration list for PBXNativeTarget "memoUITests" */ = {
			isa = XCConfigurationList;
			buildConfigurations = (
				DE77DB0424E6FE5000095D73 /* Debug */,
				DE77DB0524E6FE5000095D73 /* Release */,
			);
			defaultConfigurationIsVisible = 0;
			defaultConfigurationName = Release;
		};
/* End XCConfigurationList section */
	};
	rootObject = DE77DACB24E6FE4D00095D73 /* Project object */;
}
