// !$*UTF8*$!
{
	archiveVersion = 1;
	classes = {
	};
	objectVersion = 50;
	objects = {

/* Begin PBXBuildFile section */
		DE4428D12546FBC200A8657C /* TabBar.swift in Sources */ = {isa = PBXBuildFile; fileRef = DE4428D02546FBC200A8657C /* TabBar.swift */; };
		DE4428D62547017100A8657C /* CollectionsView.swift in Sources */ = {isa = PBXBuildFile; fileRef = DE4428D52547017100A8657C /* CollectionsView.swift */; };
		DE4428DF2547025700A8657C /* CollectionsTableView.swift in Sources */ = {isa = PBXBuildFile; fileRef = DE4428DE2547025700A8657C /* CollectionsTableView.swift */; };
		DE4428F22547238200A8657C /* ConfigViewController.swift in Sources */ = {isa = PBXBuildFile; fileRef = DE4428F12547238200A8657C /* ConfigViewController.swift */; };
		DE4428F72547410800A8657C /* TabBar+Title.swift in Sources */ = {isa = PBXBuildFile; fileRef = DE4428F62547410800A8657C /* TabBar+Title.swift */; };
		DE4429052547470400A8657C /* ReviewView.swift in Sources */ = {isa = PBXBuildFile; fileRef = DE4429042547470400A8657C /* ReviewView.swift */; };
		DE44290A25474D3800A8657C /* UIView+Extension.swift in Sources */ = {isa = PBXBuildFile; fileRef = DE44290925474D3800A8657C /* UIView+Extension.swift */; };
		DE44290F25474D7A00A8657C /* ReviewView+Extension.swift in Sources */ = {isa = PBXBuildFile; fileRef = DE44290E25474D7A00A8657C /* ReviewView+Extension.swift */; };
		DE44291425476B6600A8657C /* CardView.swift in Sources */ = {isa = PBXBuildFile; fileRef = DE44291325476B6600A8657C /* CardView.swift */; };
		DE617B30253F60F4009FEE40 /* CardRepository.swift in Sources */ = {isa = PBXBuildFile; fileRef = DE617B2F253F60F4009FEE40 /* CardRepository.swift */; };
		DE617B36253F668C009FEE40 /* memo.xcdatamodeld in Sources */ = {isa = PBXBuildFile; fileRef = DE617B34253F668C009FEE40 /* memo.xcdatamodeld */; };
		DE617B8125406210009FEE40 /* Card+CoreDataClass.swift in Sources */ = {isa = PBXBuildFile; fileRef = DE617B7D25406210009FEE40 /* Card+CoreDataClass.swift */; };
		DE617B8325406210009FEE40 /* Collection+CoreDataClass.swift in Sources */ = {isa = PBXBuildFile; fileRef = DE617B7F25406210009FEE40 /* Collection+CoreDataClass.swift */; };
		DE617B8F254065FA009FEE40 /* CollectionRepositry.swift in Sources */ = {isa = PBXBuildFile; fileRef = DE617B8E254065FA009FEE40 /* CollectionRepositry.swift */; };
		DE77DAD724E6FE4D00095D73 /* AppDelegate.swift in Sources */ = {isa = PBXBuildFile; fileRef = DE77DAD624E6FE4D00095D73 /* AppDelegate.swift */; };
		DE77DAD924E6FE4D00095D73 /* SceneDelegate.swift in Sources */ = {isa = PBXBuildFile; fileRef = DE77DAD824E6FE4D00095D73 /* SceneDelegate.swift */; };
		DE77DAE324E6FE5000095D73 /* LaunchScreen.storyboard in Resources */ = {isa = PBXBuildFile; fileRef = DE77DAE124E6FE5000095D73 /* LaunchScreen.storyboard */; };
		DE77DAF924E6FE5000095D73 /* memoUITests.swift in Sources */ = {isa = PBXBuildFile; fileRef = DE77DAF824E6FE5000095D73 /* memoUITests.swift */; };
		DE7D991725D2B97A0053679C /* StudyCollectionViewCell.swift in Sources */ = {isa = PBXBuildFile; fileRef = DE7D991525D2B97A0053679C /* StudyCollectionViewCell.swift */; };
		DE7D991825D2B97A0053679C /* StudyCollectionViewCell.xib in Resources */ = {isa = PBXBuildFile; fileRef = DE7D991625D2B97A0053679C /* StudyCollectionViewCell.xib */; };
		DE7D991E25D2C3840053679C /* FolderTableViewCell.swift in Sources */ = {isa = PBXBuildFile; fileRef = DE7D991C25D2C3840053679C /* FolderTableViewCell.swift */; };
		DE7D991F25D2C3840053679C /* FolderTableViewCell.xib in Resources */ = {isa = PBXBuildFile; fileRef = DE7D991D25D2C3840053679C /* FolderTableViewCell.xib */; };
		DE7D992D25D32B640053679C /* MessageCard.swift in Sources */ = {isa = PBXBuildFile; fileRef = DE7D992C25D32B640053679C /* MessageCard.swift */; };
		DE7D993225D337B20053679C /* StudyCollectionView.swift in Sources */ = {isa = PBXBuildFile; fileRef = DE7D993125D337B20053679C /* StudyCollectionView.swift */; };
		DE7D994025D35A250053679C /* WordListViewController.swift in Sources */ = {isa = PBXBuildFile; fileRef = DE7D993F25D35A250053679C /* WordListViewController.swift */; };
		DE7D994625D3635C0053679C /* WordTableViewCell.swift in Sources */ = {isa = PBXBuildFile; fileRef = DE7D994425D3635C0053679C /* WordTableViewCell.swift */; };
		DE7D994725D3635C0053679C /* WordTableViewCell.xib in Resources */ = {isa = PBXBuildFile; fileRef = DE7D994525D3635C0053679C /* WordTableViewCell.xib */; };
		DE7D994C25D365FB0053679C /* WordView.swift in Sources */ = {isa = PBXBuildFile; fileRef = DE7D994B25D365FB0053679C /* WordView.swift */; };
		DE7D997225D391E10053679C /* Assets.xcassets in Resources */ = {isa = PBXBuildFile; fileRef = DE7D997125D391E10053679C /* Assets.xcassets */; };
		DE8E826725477EAC0067899B /* SFPro.ttf in Resources */ = {isa = PBXBuildFile; fileRef = DE8E826125477EAC0067899B /* SFPro.ttf */; };
		DE8E827F25477F3B0067899B /* SFProTextBold.otf in Resources */ = {isa = PBXBuildFile; fileRef = DE8E827A25477F3B0067899B /* SFProTextBold.otf */; };
		DE8E828025477F3B0067899B /* SFProTextMediumItalic.otf in Resources */ = {isa = PBXBuildFile; fileRef = DE8E827B25477F3B0067899B /* SFProTextMediumItalic.otf */; };
		DE8E828125477F3B0067899B /* SFProTextSemibold.otf in Resources */ = {isa = PBXBuildFile; fileRef = DE8E827C25477F3B0067899B /* SFProTextSemibold.otf */; };
		DE8E828225477F3B0067899B /* SFProTextRegular.otf in Resources */ = {isa = PBXBuildFile; fileRef = DE8E827D25477F3B0067899B /* SFProTextRegular.otf */; };
		DE8E828325477F3B0067899B /* SFProTextMedium.otf in Resources */ = {isa = PBXBuildFile; fileRef = DE8E827E25477F3B0067899B /* SFProTextMedium.otf */; };
		DE8E829425478A610067899B /* CardTableView.swift in Sources */ = {isa = PBXBuildFile; fileRef = DE8E829325478A610067899B /* CardTableView.swift */; };
		DE8E829C2547991B0067899B /* CardView+Extension.swift in Sources */ = {isa = PBXBuildFile; fileRef = DE8E829B2547991B0067899B /* CardView+Extension.swift */; };
		DE8E82A12547A1AB0067899B /* CardMessageView.swift in Sources */ = {isa = PBXBuildFile; fileRef = DE8E82A02547A1AB0067899B /* CardMessageView.swift */; };
		DE8E82C12548645D0067899B /* SearchView.swift in Sources */ = {isa = PBXBuildFile; fileRef = DE8E82C02548645D0067899B /* SearchView.swift */; };
		DE8E82C62548679F0067899B /* SearchView+Extension.swift in Sources */ = {isa = PBXBuildFile; fileRef = DE8E82C52548679F0067899B /* SearchView+Extension.swift */; };
		DE8E82CB2548A9050067899B /* TextField+Extension.swift in Sources */ = {isa = PBXBuildFile; fileRef = DE8E82CA2548A9050067899B /* TextField+Extension.swift */; };
		DE8E82D9254994490067899B /* AddWordView.swift in Sources */ = {isa = PBXBuildFile; fileRef = DE8E82D8254994490067899B /* AddWordView.swift */; };
		DE8E82DE25499F780067899B /* AddWordView+Extension.swift in Sources */ = {isa = PBXBuildFile; fileRef = DE8E82DD25499F780067899B /* AddWordView+Extension.swift */; };
		DE8E82E32549ADAA0067899B /* AddWordTableView.swift in Sources */ = {isa = PBXBuildFile; fileRef = DE8E82E22549ADAA0067899B /* AddWordTableView.swift */; };
		DE913F0024EC095200383CFC /* AddWordViewController.swift in Sources */ = {isa = PBXBuildFile; fileRef = DE913EFF24EC095200383CFC /* AddWordViewController.swift */; };
		DE913F0324EC4F5800383CFC /* DefinitionTableViewCell.swift in Sources */ = {isa = PBXBuildFile; fileRef = DE913F0124EC4F5800383CFC /* DefinitionTableViewCell.swift */; };
		DE913F0424EC4F5800383CFC /* DefinitionTableViewCell.xib in Resources */ = {isa = PBXBuildFile; fileRef = DE913F0224EC4F5800383CFC /* DefinitionTableViewCell.xib */; };
		DE913F0B24ED5FF300383CFC /* Classification.swift in Sources */ = {isa = PBXBuildFile; fileRef = DE913F0A24ED5FF300383CFC /* Classification.swift */; };
		DE913F1224ED9E2800383CFC /* DateHelper.swift in Sources */ = {isa = PBXBuildFile; fileRef = DE913F1124ED9E2800383CFC /* DateHelper.swift */; };
		DE913F1524EDABE000383CFC /* Protocols.swift in Sources */ = {isa = PBXBuildFile; fileRef = DE913F1424EDABE000383CFC /* Protocols.swift */; };
		DE913F1724EEA6A500383CFC /* AnswerRepository.swift in Sources */ = {isa = PBXBuildFile; fileRef = DE913F1624EEA6A500383CFC /* AnswerRepository.swift */; };
		DE913F1924EEA71300383CFC /* Definition.swift in Sources */ = {isa = PBXBuildFile; fileRef = DE913F1824EEA71300383CFC /* Definition.swift */; };
		DE913F1B24EEA72400383CFC /* Answer.swift in Sources */ = {isa = PBXBuildFile; fileRef = DE913F1A24EEA72400383CFC /* Answer.swift */; };
		DE913F1D24EEF3DA00383CFC /* SearchViewController.swift in Sources */ = {isa = PBXBuildFile; fileRef = DE913F1C24EEF3DA00383CFC /* SearchViewController.swift */; };
		DE913F2324F1B25600383CFC /* AddWordTableViewCell.swift in Sources */ = {isa = PBXBuildFile; fileRef = DE913F2124F1B25600383CFC /* AddWordTableViewCell.swift */; };
		DE913F2424F1B25600383CFC /* AddWordTableViewCell.xib in Resources */ = {isa = PBXBuildFile; fileRef = DE913F2224F1B25600383CFC /* AddWordTableViewCell.xib */; };
		DE913F2724F2E11500383CFC /* .swiftlint.yml in Resources */ = {isa = PBXBuildFile; fileRef = DE913F2624F2E11500383CFC /* .swiftlint.yml */; };
		DE913F4024F3086900383CFC /* memoTests.swift in Sources */ = {isa = PBXBuildFile; fileRef = DE913F3F24F3086900383CFC /* memoTests.swift */; };
		DE913F4824F31D1200383CFC /* ClassificateTests.swift in Sources */ = {isa = PBXBuildFile; fileRef = DE913F4724F31D1200383CFC /* ClassificateTests.swift */; };
		DE913F4A24F321EB00383CFC /* CardTests.swift in Sources */ = {isa = PBXBuildFile; fileRef = DE913F4924F321EB00383CFC /* CardTests.swift */; };
		DEC831C32544987500229AFF /* Color+Extension.swift in Sources */ = {isa = PBXBuildFile; fileRef = DEC831C22544987500229AFF /* Color+Extension.swift */; };
		DEF04A6824EAB7BD003457F2 /* ColecoesTableViewCell.swift in Sources */ = {isa = PBXBuildFile; fileRef = DEF04A6624EAB7BD003457F2 /* ColecoesTableViewCell.swift */; };
		DEF04A6924EAB7BD003457F2 /* ColecoesTableViewCell.xib in Resources */ = {isa = PBXBuildFile; fileRef = DEF04A6724EAB7BD003457F2 /* ColecoesTableViewCell.xib */; };
		DEF04A6C24EAC439003457F2 /* CollectionsViewController.swift in Sources */ = {isa = PBXBuildFile; fileRef = DEF04A6B24EAC439003457F2 /* CollectionsViewController.swift */; };
		DEF04A7E24EB068E003457F2 /* ReviewViewController.swift in Sources */ = {isa = PBXBuildFile; fileRef = DEF04A7D24EB068E003457F2 /* ReviewViewController.swift */; };
		DEF04A8224EB0CC0003457F2 /* AddCollectionViewController.swift in Sources */ = {isa = PBXBuildFile; fileRef = DEF04A8124EB0CC0003457F2 /* AddCollectionViewController.swift */; };
/* End PBXBuildFile section */

/* Begin PBXContainerItemProxy section */
		DE77DAF524E6FE5000095D73 /* PBXContainerItemProxy */ = {
			isa = PBXContainerItemProxy;
			containerPortal = DE77DACB24E6FE4D00095D73 /* Project object */;
			proxyType = 1;
			remoteGlobalIDString = DE77DAD224E6FE4D00095D73;
			remoteInfo = memo;
		};
		DE913F4224F3086900383CFC /* PBXContainerItemProxy */ = {
			isa = PBXContainerItemProxy;
			containerPortal = DE77DACB24E6FE4D00095D73 /* Project object */;
			proxyType = 1;
			remoteGlobalIDString = DE77DAD224E6FE4D00095D73;
			remoteInfo = memo;
		};
/* End PBXContainerItemProxy section */

/* Begin PBXFileReference section */
		DE4428D02546FBC200A8657C /* TabBar.swift */ = {isa = PBXFileReference; lastKnownFileType = sourcecode.swift; path = TabBar.swift; sourceTree = "<group>"; };
		DE4428D52547017100A8657C /* CollectionsView.swift */ = {isa = PBXFileReference; lastKnownFileType = sourcecode.swift; path = CollectionsView.swift; sourceTree = "<group>"; };
		DE4428DE2547025700A8657C /* CollectionsTableView.swift */ = {isa = PBXFileReference; lastKnownFileType = sourcecode.swift; path = CollectionsTableView.swift; sourceTree = "<group>"; };
		DE4428F12547238200A8657C /* ConfigViewController.swift */ = {isa = PBXFileReference; lastKnownFileType = sourcecode.swift; path = ConfigViewController.swift; sourceTree = "<group>"; };
		DE4428F62547410800A8657C /* TabBar+Title.swift */ = {isa = PBXFileReference; lastKnownFileType = sourcecode.swift; path = "TabBar+Title.swift"; sourceTree = "<group>"; };
		DE4429042547470400A8657C /* ReviewView.swift */ = {isa = PBXFileReference; lastKnownFileType = sourcecode.swift; path = ReviewView.swift; sourceTree = "<group>"; };
		DE44290925474D3800A8657C /* UIView+Extension.swift */ = {isa = PBXFileReference; lastKnownFileType = sourcecode.swift; path = "UIView+Extension.swift"; sourceTree = "<group>"; };
		DE44290E25474D7A00A8657C /* ReviewView+Extension.swift */ = {isa = PBXFileReference; lastKnownFileType = sourcecode.swift; path = "ReviewView+Extension.swift"; sourceTree = "<group>"; };
		DE44291325476B6600A8657C /* CardView.swift */ = {isa = PBXFileReference; lastKnownFileType = sourcecode.swift; path = CardView.swift; sourceTree = "<group>"; };
		DE617B2F253F60F4009FEE40 /* CardRepository.swift */ = {isa = PBXFileReference; lastKnownFileType = sourcecode.swift; path = CardRepository.swift; sourceTree = "<group>"; };
		DE617B35253F668C009FEE40 /* memo.xcdatamodel */ = {isa = PBXFileReference; lastKnownFileType = wrapper.xcdatamodel; path = memo.xcdatamodel; sourceTree = "<group>"; };
		DE617B7D25406210009FEE40 /* Card+CoreDataClass.swift */ = {isa = PBXFileReference; lastKnownFileType = sourcecode.swift; path = "Card+CoreDataClass.swift"; sourceTree = "<group>"; };
		DE617B7F25406210009FEE40 /* Collection+CoreDataClass.swift */ = {isa = PBXFileReference; lastKnownFileType = sourcecode.swift; path = "Collection+CoreDataClass.swift"; sourceTree = "<group>"; };
		DE617B8E254065FA009FEE40 /* CollectionRepositry.swift */ = {isa = PBXFileReference; lastKnownFileType = sourcecode.swift; path = CollectionRepositry.swift; sourceTree = "<group>"; };
		DE77DAD324E6FE4D00095D73 /* memo.app */ = {isa = PBXFileReference; explicitFileType = wrapper.application; includeInIndex = 0; path = memo.app; sourceTree = BUILT_PRODUCTS_DIR; };
		DE77DAD624E6FE4D00095D73 /* AppDelegate.swift */ = {isa = PBXFileReference; lastKnownFileType = sourcecode.swift; path = AppDelegate.swift; sourceTree = "<group>"; };
		DE77DAD824E6FE4D00095D73 /* SceneDelegate.swift */ = {isa = PBXFileReference; lastKnownFileType = sourcecode.swift; path = SceneDelegate.swift; sourceTree = "<group>"; };
		DE77DAE224E6FE5000095D73 /* Base */ = {isa = PBXFileReference; lastKnownFileType = file.storyboard; name = Base; path = Base.lproj/LaunchScreen.storyboard; sourceTree = "<group>"; };
		DE77DAE424E6FE5000095D73 /* Info.plist */ = {isa = PBXFileReference; lastKnownFileType = text.plist.xml; path = Info.plist; sourceTree = "<group>"; };
		DE77DAF424E6FE5000095D73 /* memoUITests.xctest */ = {isa = PBXFileReference; explicitFileType = wrapper.cfbundle; includeInIndex = 0; path = memoUITests.xctest; sourceTree = BUILT_PRODUCTS_DIR; };
		DE77DAF824E6FE5000095D73 /* memoUITests.swift */ = {isa = PBXFileReference; lastKnownFileType = sourcecode.swift; path = memoUITests.swift; sourceTree = "<group>"; };
		DE77DAFA24E6FE5000095D73 /* Info.plist */ = {isa = PBXFileReference; lastKnownFileType = text.plist.xml; path = Info.plist; sourceTree = "<group>"; };
		DE7D991525D2B97A0053679C /* StudyCollectionViewCell.swift */ = {isa = PBXFileReference; lastKnownFileType = sourcecode.swift; path = StudyCollectionViewCell.swift; sourceTree = "<group>"; };
		DE7D991625D2B97A0053679C /* StudyCollectionViewCell.xib */ = {isa = PBXFileReference; lastKnownFileType = file.xib; path = StudyCollectionViewCell.xib; sourceTree = "<group>"; };
		DE7D991C25D2C3840053679C /* FolderTableViewCell.swift */ = {isa = PBXFileReference; lastKnownFileType = sourcecode.swift; path = FolderTableViewCell.swift; sourceTree = "<group>"; };
		DE7D991D25D2C3840053679C /* FolderTableViewCell.xib */ = {isa = PBXFileReference; lastKnownFileType = file.xib; path = FolderTableViewCell.xib; sourceTree = "<group>"; };
		DE7D992C25D32B640053679C /* MessageCard.swift */ = {isa = PBXFileReference; lastKnownFileType = sourcecode.swift; path = MessageCard.swift; sourceTree = "<group>"; };
		DE7D993125D337B20053679C /* StudyCollectionView.swift */ = {isa = PBXFileReference; lastKnownFileType = sourcecode.swift; path = StudyCollectionView.swift; sourceTree = "<group>"; };
		DE7D993F25D35A250053679C /* WordListViewController.swift */ = {isa = PBXFileReference; lastKnownFileType = sourcecode.swift; path = WordListViewController.swift; sourceTree = "<group>"; };
		DE7D994425D3635C0053679C /* WordTableViewCell.swift */ = {isa = PBXFileReference; lastKnownFileType = sourcecode.swift; path = WordTableViewCell.swift; sourceTree = "<group>"; };
		DE7D994525D3635C0053679C /* WordTableViewCell.xib */ = {isa = PBXFileReference; lastKnownFileType = file.xib; path = WordTableViewCell.xib; sourceTree = "<group>"; };
		DE7D994B25D365FB0053679C /* WordView.swift */ = {isa = PBXFileReference; lastKnownFileType = sourcecode.swift; path = WordView.swift; sourceTree = "<group>"; };
		DE7D997125D391E10053679C /* Assets.xcassets */ = {isa = PBXFileReference; lastKnownFileType = folder.assetcatalog; path = Assets.xcassets; sourceTree = "<group>"; };
		DE8E826125477EAC0067899B /* SFPro.ttf */ = {isa = PBXFileReference; lastKnownFileType = file; path = SFPro.ttf; sourceTree = "<group>"; };
		DE8E827A25477F3B0067899B /* SFProTextBold.otf */ = {isa = PBXFileReference; lastKnownFileType = file; path = SFProTextBold.otf; sourceTree = "<group>"; };
		DE8E827B25477F3B0067899B /* SFProTextMediumItalic.otf */ = {isa = PBXFileReference; lastKnownFileType = file; path = SFProTextMediumItalic.otf; sourceTree = "<group>"; };
		DE8E827C25477F3B0067899B /* SFProTextSemibold.otf */ = {isa = PBXFileReference; lastKnownFileType = file; path = SFProTextSemibold.otf; sourceTree = "<group>"; };
		DE8E827D25477F3B0067899B /* SFProTextRegular.otf */ = {isa = PBXFileReference; lastKnownFileType = file; path = SFProTextRegular.otf; sourceTree = "<group>"; };
		DE8E827E25477F3B0067899B /* SFProTextMedium.otf */ = {isa = PBXFileReference; lastKnownFileType = file; path = SFProTextMedium.otf; sourceTree = "<group>"; };
		DE8E829325478A610067899B /* CardTableView.swift */ = {isa = PBXFileReference; lastKnownFileType = sourcecode.swift; path = CardTableView.swift; sourceTree = "<group>"; };
		DE8E829B2547991B0067899B /* CardView+Extension.swift */ = {isa = PBXFileReference; lastKnownFileType = sourcecode.swift; path = "CardView+Extension.swift"; sourceTree = "<group>"; };
		DE8E82A02547A1AB0067899B /* CardMessageView.swift */ = {isa = PBXFileReference; lastKnownFileType = sourcecode.swift; path = CardMessageView.swift; sourceTree = "<group>"; };
		DE8E82C02548645D0067899B /* SearchView.swift */ = {isa = PBXFileReference; lastKnownFileType = sourcecode.swift; path = SearchView.swift; sourceTree = "<group>"; };
		DE8E82C52548679F0067899B /* SearchView+Extension.swift */ = {isa = PBXFileReference; lastKnownFileType = sourcecode.swift; path = "SearchView+Extension.swift"; sourceTree = "<group>"; };
		DE8E82CA2548A9050067899B /* TextField+Extension.swift */ = {isa = PBXFileReference; lastKnownFileType = sourcecode.swift; path = "TextField+Extension.swift"; sourceTree = "<group>"; };
		DE8E82D8254994490067899B /* AddWordView.swift */ = {isa = PBXFileReference; lastKnownFileType = sourcecode.swift; path = AddWordView.swift; sourceTree = "<group>"; };
		DE8E82DD25499F780067899B /* AddWordView+Extension.swift */ = {isa = PBXFileReference; lastKnownFileType = sourcecode.swift; path = "AddWordView+Extension.swift"; sourceTree = "<group>"; };
		DE8E82E22549ADAA0067899B /* AddWordTableView.swift */ = {isa = PBXFileReference; lastKnownFileType = sourcecode.swift; path = AddWordTableView.swift; sourceTree = "<group>"; };
		DE913EFF24EC095200383CFC /* AddWordViewController.swift */ = {isa = PBXFileReference; lastKnownFileType = sourcecode.swift; path = AddWordViewController.swift; sourceTree = "<group>"; };
		DE913F0124EC4F5800383CFC /* DefinitionTableViewCell.swift */ = {isa = PBXFileReference; lastKnownFileType = sourcecode.swift; path = DefinitionTableViewCell.swift; sourceTree = "<group>"; };
		DE913F0224EC4F5800383CFC /* DefinitionTableViewCell.xib */ = {isa = PBXFileReference; lastKnownFileType = file.xib; path = DefinitionTableViewCell.xib; sourceTree = "<group>"; };
		DE913F0A24ED5FF300383CFC /* Classification.swift */ = {isa = PBXFileReference; lastKnownFileType = sourcecode.swift; path = Classification.swift; sourceTree = "<group>"; };
		DE913F1124ED9E2800383CFC /* DateHelper.swift */ = {isa = PBXFileReference; lastKnownFileType = sourcecode.swift; path = DateHelper.swift; sourceTree = "<group>"; };
		DE913F1424EDABE000383CFC /* Protocols.swift */ = {isa = PBXFileReference; lastKnownFileType = sourcecode.swift; path = Protocols.swift; sourceTree = "<group>"; };
		DE913F1624EEA6A500383CFC /* AnswerRepository.swift */ = {isa = PBXFileReference; lastKnownFileType = sourcecode.swift; path = AnswerRepository.swift; sourceTree = "<group>"; };
		DE913F1824EEA71300383CFC /* Definition.swift */ = {isa = PBXFileReference; lastKnownFileType = sourcecode.swift; path = Definition.swift; sourceTree = "<group>"; };
		DE913F1A24EEA72400383CFC /* Answer.swift */ = {isa = PBXFileReference; lastKnownFileType = sourcecode.swift; path = Answer.swift; sourceTree = "<group>"; };
		DE913F1C24EEF3DA00383CFC /* SearchViewController.swift */ = {isa = PBXFileReference; lastKnownFileType = sourcecode.swift; path = SearchViewController.swift; sourceTree = "<group>"; };
		DE913F2124F1B25600383CFC /* AddWordTableViewCell.swift */ = {isa = PBXFileReference; lastKnownFileType = sourcecode.swift; path = AddWordTableViewCell.swift; sourceTree = "<group>"; };
		DE913F2224F1B25600383CFC /* AddWordTableViewCell.xib */ = {isa = PBXFileReference; lastKnownFileType = file.xib; path = AddWordTableViewCell.xib; sourceTree = "<group>"; };
		DE913F2624F2E11500383CFC /* .swiftlint.yml */ = {isa = PBXFileReference; lastKnownFileType = text.yaml; path = .swiftlint.yml; sourceTree = "<group>"; };
		DE913F3D24F3086900383CFC /* memoTests.xctest */ = {isa = PBXFileReference; explicitFileType = wrapper.cfbundle; includeInIndex = 0; path = memoTests.xctest; sourceTree = BUILT_PRODUCTS_DIR; };
		DE913F3F24F3086900383CFC /* memoTests.swift */ = {isa = PBXFileReference; lastKnownFileType = sourcecode.swift; path = memoTests.swift; sourceTree = "<group>"; };
		DE913F4124F3086900383CFC /* Info.plist */ = {isa = PBXFileReference; lastKnownFileType = text.plist.xml; path = Info.plist; sourceTree = "<group>"; };
		DE913F4724F31D1200383CFC /* ClassificateTests.swift */ = {isa = PBXFileReference; lastKnownFileType = sourcecode.swift; path = ClassificateTests.swift; sourceTree = "<group>"; };
		DE913F4924F321EB00383CFC /* CardTests.swift */ = {isa = PBXFileReference; lastKnownFileType = sourcecode.swift; path = CardTests.swift; sourceTree = "<group>"; };
		DEC831C22544987500229AFF /* Color+Extension.swift */ = {isa = PBXFileReference; lastKnownFileType = sourcecode.swift; path = "Color+Extension.swift"; sourceTree = "<group>"; };
		DEF04A6624EAB7BD003457F2 /* ColecoesTableViewCell.swift */ = {isa = PBXFileReference; lastKnownFileType = sourcecode.swift; path = ColecoesTableViewCell.swift; sourceTree = "<group>"; };
		DEF04A6724EAB7BD003457F2 /* ColecoesTableViewCell.xib */ = {isa = PBXFileReference; lastKnownFileType = file.xib; path = ColecoesTableViewCell.xib; sourceTree = "<group>"; };
		DEF04A6B24EAC439003457F2 /* CollectionsViewController.swift */ = {isa = PBXFileReference; lastKnownFileType = sourcecode.swift; path = CollectionsViewController.swift; sourceTree = "<group>"; };
		DEF04A7D24EB068E003457F2 /* ReviewViewController.swift */ = {isa = PBXFileReference; lastKnownFileType = sourcecode.swift; path = ReviewViewController.swift; sourceTree = "<group>"; };
		DEF04A8124EB0CC0003457F2 /* AddCollectionViewController.swift */ = {isa = PBXFileReference; lastKnownFileType = sourcecode.swift; path = AddCollectionViewController.swift; sourceTree = "<group>"; };
/* End PBXFileReference section */

/* Begin PBXFrameworksBuildPhase section */
		DE77DAD024E6FE4D00095D73 /* Frameworks */ = {
			isa = PBXFrameworksBuildPhase;
			buildActionMask = 2147483647;
			files = (
			);
			runOnlyForDeploymentPostprocessing = 0;
		};
		DE77DAF124E6FE5000095D73 /* Frameworks */ = {
			isa = PBXFrameworksBuildPhase;
			buildActionMask = 2147483647;
			files = (
			);
			runOnlyForDeploymentPostprocessing = 0;
		};
		DE913F3A24F3086900383CFC /* Frameworks */ = {
			isa = PBXFrameworksBuildPhase;
			buildActionMask = 2147483647;
			files = (
			);
			runOnlyForDeploymentPostprocessing = 0;
		};
/* End PBXFrameworksBuildPhase section */

/* Begin PBXGroup section */
		DE4428DD2547022300A8657C /* Components */ = {
			isa = PBXGroup;
			children = (
				DE4428DE2547025700A8657C /* CollectionsTableView.swift */,
				DE8E829325478A610067899B /* CardTableView.swift */,
				DE44291325476B6600A8657C /* CardView.swift */,
				DE8E82A02547A1AB0067899B /* CardMessageView.swift */,
				DE8E82E22549ADAA0067899B /* AddWordTableView.swift */,
				DE7D992C25D32B640053679C /* MessageCard.swift */,
				DE7D993125D337B20053679C /* StudyCollectionView.swift */,
			);
			path = Components;
			sourceTree = "<group>";
		};
		DE617B932540BA96009FEE40 /* Protocols */ = {
			isa = PBXGroup;
			children = (
				DE913F1424EDABE000383CFC /* Protocols.swift */,
			);
			path = Protocols;
			sourceTree = "<group>";
		};
		DE77DACA24E6FE4D00095D73 = {
			isa = PBXGroup;
			children = (
				DE913F2624F2E11500383CFC /* .swiftlint.yml */,
				DE77DAD524E6FE4D00095D73 /* memo */,
				DE77DAF724E6FE5000095D73 /* memoUITests */,
				DE913F3E24F3086900383CFC /* memoTests */,
				DE77DAD424E6FE4D00095D73 /* Products */,
			);
			sourceTree = "<group>";
		};
		DE77DAD424E6FE4D00095D73 /* Products */ = {
			isa = PBXGroup;
			children = (
				DE77DAD324E6FE4D00095D73 /* memo.app */,
				DE77DAF424E6FE5000095D73 /* memoUITests.xctest */,
				DE913F3D24F3086900383CFC /* memoTests.xctest */,
			);
			name = Products;
			sourceTree = "<group>";
		};
		DE77DAD524E6FE4D00095D73 /* memo */ = {
			isa = PBXGroup;
			children = (
				DEF04A6D24EAC9F1003457F2 /* Fonts */,
				DEC831C12544985200229AFF /* Extensions */,
				DE617B932540BA96009FEE40 /* Protocols */,
				DE913F0C24ED604A00383CFC /* Helpers */,
				DE913F0924ED5F8000383CFC /* Algorithm */,
				DE77DB0824E7065D00095D73 /* Model */,
				DEF04A7A24EAFABD003457F2 /* Repository */,
				DE77DB0724E7065400095D73 /* Controller */,
				DE77DB0624E7064600095D73 /* View */,
				DE77DAD624E6FE4D00095D73 /* AppDelegate.swift */,
				DE77DAD824E6FE4D00095D73 /* SceneDelegate.swift */,
				DE7D997125D391E10053679C /* Assets.xcassets */,
				DE77DAE424E6FE5000095D73 /* Info.plist */,
				DE617B34253F668C009FEE40 /* memo.xcdatamodeld */,
			);
			path = memo;
			sourceTree = "<group>";
		};
		DE77DAF724E6FE5000095D73 /* memoUITests */ = {
			isa = PBXGroup;
			children = (
				DE77DAF824E6FE5000095D73 /* memoUITests.swift */,
				DE77DAFA24E6FE5000095D73 /* Info.plist */,
			);
			path = memoUITests;
			sourceTree = "<group>";
		};
		DE77DB0624E7064600095D73 /* View */ = {
			isa = PBXGroup;
			children = (
				DEE2C7AC2544720F0005992E /* Storyboards */,
				DEF04A6524EAB6C3003457F2 /* Xibs */,
				DE4428DD2547022300A8657C /* Components */,
				DE4428D52547017100A8657C /* CollectionsView.swift */,
				DE4429042547470400A8657C /* ReviewView.swift */,
				DE8E82C02548645D0067899B /* SearchView.swift */,
				DE8E82D8254994490067899B /* AddWordView.swift */,
				DE7D994B25D365FB0053679C /* WordView.swift */,
			);
			path = View;
			sourceTree = "<group>";
		};
		DE77DB0724E7065400095D73 /* Controller */ = {
			isa = PBXGroup;
			children = (
				DE4428D02546FBC200A8657C /* TabBar.swift */,
				DEF04A6B24EAC439003457F2 /* CollectionsViewController.swift */,
				DEF04A7D24EB068E003457F2 /* ReviewViewController.swift */,
				DE913F1C24EEF3DA00383CFC /* SearchViewController.swift */,
				DE913EFF24EC095200383CFC /* AddWordViewController.swift */,
				DEF04A8124EB0CC0003457F2 /* AddCollectionViewController.swift */,
				DE4428F12547238200A8657C /* ConfigViewController.swift */,
				DE7D993F25D35A250053679C /* WordListViewController.swift */,
			);
			path = Controller;
			sourceTree = "<group>";
		};
		DE77DB0824E7065D00095D73 /* Model */ = {
			isa = PBXGroup;
			children = (
				DE617B7D25406210009FEE40 /* Card+CoreDataClass.swift */,
				DE617B7F25406210009FEE40 /* Collection+CoreDataClass.swift */,
				DE913F1824EEA71300383CFC /* Definition.swift */,
				DE913F1A24EEA72400383CFC /* Answer.swift */,
				DE4428F62547410800A8657C /* TabBar+Title.swift */,
			);
			path = Model;
			sourceTree = "<group>";
		};
		DE913F0924ED5F8000383CFC /* Algorithm */ = {
			isa = PBXGroup;
			children = (
				DE913F0A24ED5FF300383CFC /* Classification.swift */,
			);
			path = Algorithm;
			sourceTree = "<group>";
		};
		DE913F0C24ED604A00383CFC /* Helpers */ = {
			isa = PBXGroup;
			children = (
				DE913F1124ED9E2800383CFC /* DateHelper.swift */,
			);
			path = Helpers;
			sourceTree = "<group>";
		};
		DE913F3E24F3086900383CFC /* memoTests */ = {
			isa = PBXGroup;
			children = (
				DE913F3F24F3086900383CFC /* memoTests.swift */,
				DE913F4724F31D1200383CFC /* ClassificateTests.swift */,
				DE913F4124F3086900383CFC /* Info.plist */,
				DE913F4924F321EB00383CFC /* CardTests.swift */,
			);
			path = memoTests;
			sourceTree = "<group>";
		};
		DEC831C12544985200229AFF /* Extensions */ = {
			isa = PBXGroup;
			children = (
				DEC831C22544987500229AFF /* Color+Extension.swift */,
				DE44290925474D3800A8657C /* UIView+Extension.swift */,
				DE44290E25474D7A00A8657C /* ReviewView+Extension.swift */,
				DE8E829B2547991B0067899B /* CardView+Extension.swift */,
				DE8E82C52548679F0067899B /* SearchView+Extension.swift */,
				DE8E82CA2548A9050067899B /* TextField+Extension.swift */,
				DE8E82DD25499F780067899B /* AddWordView+Extension.swift */,
			);
			path = Extensions;
			sourceTree = "<group>";
		};
		DEE2C7AC2544720F0005992E /* Storyboards */ = {
			isa = PBXGroup;
			children = (
				DE77DAE124E6FE5000095D73 /* LaunchScreen.storyboard */,
			);
			path = Storyboards;
			sourceTree = "<group>";
		};
		DEF04A6524EAB6C3003457F2 /* Xibs */ = {
			isa = PBXGroup;
			children = (
				DEF04A6624EAB7BD003457F2 /* ColecoesTableViewCell.swift */,
				DEF04A6724EAB7BD003457F2 /* ColecoesTableViewCell.xib */,
				DE913F0124EC4F5800383CFC /* DefinitionTableViewCell.swift */,
				DE913F0224EC4F5800383CFC /* DefinitionTableViewCell.xib */,
				DE913F2124F1B25600383CFC /* AddWordTableViewCell.swift */,
				DE913F2224F1B25600383CFC /* AddWordTableViewCell.xib */,
				DE7D991525D2B97A0053679C /* StudyCollectionViewCell.swift */,
				DE7D991625D2B97A0053679C /* StudyCollectionViewCell.xib */,
				DE7D991C25D2C3840053679C /* FolderTableViewCell.swift */,
				DE7D991D25D2C3840053679C /* FolderTableViewCell.xib */,
				DE7D994425D3635C0053679C /* WordTableViewCell.swift */,
				DE7D994525D3635C0053679C /* WordTableViewCell.xib */,
			);
			path = Xibs;
			sourceTree = "<group>";
		};
		DEF04A6D24EAC9F1003457F2 /* Fonts */ = {
			isa = PBXGroup;
			children = (
				DE8E827A25477F3B0067899B /* SFProTextBold.otf */,
				DE8E827E25477F3B0067899B /* SFProTextMedium.otf */,
				DE8E827B25477F3B0067899B /* SFProTextMediumItalic.otf */,
				DE8E827D25477F3B0067899B /* SFProTextRegular.otf */,
				DE8E827C25477F3B0067899B /* SFProTextSemibold.otf */,
				DE8E826125477EAC0067899B /* SFPro.ttf */,
			);
			path = Fonts;
			sourceTree = "<group>";
		};
		DEF04A7A24EAFABD003457F2 /* Repository */ = {
			isa = PBXGroup;
			children = (
				DE913F1624EEA6A500383CFC /* AnswerRepository.swift */,
				DE617B8E254065FA009FEE40 /* CollectionRepositry.swift */,
				DE617B2F253F60F4009FEE40 /* CardRepository.swift */,
			);
			path = Repository;
			sourceTree = "<group>";
		};
/* End PBXGroup section */

/* Begin PBXNativeTarget section */
		DE77DAD224E6FE4D00095D73 /* memo */ = {
			isa = PBXNativeTarget;
			buildConfigurationList = DE77DAFD24E6FE5000095D73 /* Build configuration list for PBXNativeTarget "memo" */;
			buildPhases = (
				DE77DACF24E6FE4D00095D73 /* Sources */,
				DE77DAD024E6FE4D00095D73 /* Frameworks */,
				DE77DAD124E6FE4D00095D73 /* Resources */,
				DE913F2524F2DD2400383CFC /* ShellScript */,
			);
			buildRules = (
			);
			dependencies = (
			);
			name = memo;
			productName = memo;
			productReference = DE77DAD324E6FE4D00095D73 /* memo.app */;
			productType = "com.apple.product-type.application";
		};
		DE77DAF324E6FE5000095D73 /* memoUITests */ = {
			isa = PBXNativeTarget;
			buildConfigurationList = DE77DB0324E6FE5000095D73 /* Build configuration list for PBXNativeTarget "memoUITests" */;
			buildPhases = (
				DE77DAF024E6FE5000095D73 /* Sources */,
				DE77DAF124E6FE5000095D73 /* Frameworks */,
				DE77DAF224E6FE5000095D73 /* Resources */,
			);
			buildRules = (
			);
			dependencies = (
				DE77DAF624E6FE5000095D73 /* PBXTargetDependency */,
			);
			name = memoUITests;
			productName = memoUITests;
			productReference = DE77DAF424E6FE5000095D73 /* memoUITests.xctest */;
			productType = "com.apple.product-type.bundle.ui-testing";
		};
		DE913F3C24F3086900383CFC /* memoTests */ = {
			isa = PBXNativeTarget;
			buildConfigurationList = DE913F4424F3086900383CFC /* Build configuration list for PBXNativeTarget "memoTests" */;
			buildPhases = (
				DE913F3924F3086900383CFC /* Sources */,
				DE913F3A24F3086900383CFC /* Frameworks */,
				DE913F3B24F3086900383CFC /* Resources */,
			);
			buildRules = (
			);
			dependencies = (
				DE913F4324F3086900383CFC /* PBXTargetDependency */,
			);
			name = memoTests;
			productName = memoTests;
			productReference = DE913F3D24F3086900383CFC /* memoTests.xctest */;
			productType = "com.apple.product-type.bundle.unit-test";
		};
/* End PBXNativeTarget section */

/* Begin PBXProject section */
		DE77DACB24E6FE4D00095D73 /* Project object */ = {
			isa = PBXProject;
			attributes = {
				LastSwiftUpdateCheck = 1160;
				LastUpgradeCheck = 1160;
				ORGANIZATIONNAME = "Academy IFCE";
				TargetAttributes = {
					DE77DAD224E6FE4D00095D73 = {
						CreatedOnToolsVersion = 11.6;
					};
					DE77DAF324E6FE5000095D73 = {
						CreatedOnToolsVersion = 11.6;
						TestTargetID = DE77DAD224E6FE4D00095D73;
					};
					DE913F3C24F3086900383CFC = {
						CreatedOnToolsVersion = 11.6;
						TestTargetID = DE77DAD224E6FE4D00095D73;
					};
				};
			};
			buildConfigurationList = DE77DACE24E6FE4D00095D73 /* Build configuration list for PBXProject "memo" */;
			compatibilityVersion = "Xcode 9.3";
			developmentRegion = en;
			hasScannedForEncodings = 0;
			knownRegions = (
				en,
				Base,
			);
			mainGroup = DE77DACA24E6FE4D00095D73;
			productRefGroup = DE77DAD424E6FE4D00095D73 /* Products */;
			projectDirPath = "";
			projectRoot = "";
			targets = (
				DE77DAD224E6FE4D00095D73 /* memo */,
				DE77DAF324E6FE5000095D73 /* memoUITests */,
				DE913F3C24F3086900383CFC /* memoTests */,
			);
		};
/* End PBXProject section */

/* Begin PBXResourcesBuildPhase section */
		DE77DAD124E6FE4D00095D73 /* Resources */ = {
			isa = PBXResourcesBuildPhase;
			buildActionMask = 2147483647;
			files = (
				DE913F2724F2E11500383CFC /* .swiftlint.yml in Resources */,
				DE8E827F25477F3B0067899B /* SFProTextBold.otf in Resources */,
				DE77DAE324E6FE5000095D73 /* LaunchScreen.storyboard in Resources */,
				DE7D991F25D2C3840053679C /* FolderTableViewCell.xib in Resources */,
				DE7D997225D391E10053679C /* Assets.xcassets in Resources */,
				DE8E828225477F3B0067899B /* SFProTextRegular.otf in Resources */,
				DE8E828325477F3B0067899B /* SFProTextMedium.otf in Resources */,
				DE8E828025477F3B0067899B /* SFProTextMediumItalic.otf in Resources */,
				DE8E828125477F3B0067899B /* SFProTextSemibold.otf in Resources */,
				DE7D991825D2B97A0053679C /* StudyCollectionViewCell.xib in Resources */,
				DE7D994725D3635C0053679C /* WordTableViewCell.xib in Resources */,
				DEF04A6924EAB7BD003457F2 /* ColecoesTableViewCell.xib in Resources */,
				DE913F2424F1B25600383CFC /* AddWordTableViewCell.xib in Resources */,
				DE8E826725477EAC0067899B /* SFPro.ttf in Resources */,
				DE913F0424EC4F5800383CFC /* DefinitionTableViewCell.xib in Resources */,
			);
			runOnlyForDeploymentPostprocessing = 0;
		};
		DE77DAF224E6FE5000095D73 /* Resources */ = {
			isa = PBXResourcesBuildPhase;
			buildActionMask = 2147483647;
			files = (
			);
			runOnlyForDeploymentPostprocessing = 0;
		};
		DE913F3B24F3086900383CFC /* Resources */ = {
			isa = PBXResourcesBuildPhase;
			buildActionMask = 2147483647;
			files = (
			);
			runOnlyForDeploymentPostprocessing = 0;
		};
/* End PBXResourcesBuildPhase section */

/* Begin PBXShellScriptBuildPhase section */
		DE913F2524F2DD2400383CFC /* ShellScript */ = {
			isa = PBXShellScriptBuildPhase;
			buildActionMask = 2147483647;
			files = (
			);
			inputFileListPaths = (
			);
			inputPaths = (
			);
			outputFileListPaths = (
			);
			outputPaths = (
			);
			runOnlyForDeploymentPostprocessing = 0;
			shellPath = /bin/sh;
			shellScript = "if which swiftlint >/dev/null; then\n  swiftlint\nelse\n  echo \"warning: SwiftLint not installed, download from https://github.com/realm/SwiftLint\"\nfi\n";
		};
/* End PBXShellScriptBuildPhase section */

/* Begin PBXSourcesBuildPhase section */
		DE77DACF24E6FE4D00095D73 /* Sources */ = {
			isa = PBXSourcesBuildPhase;
			buildActionMask = 2147483647;
			files = (
				DEF04A6C24EAC439003457F2 /* CollectionsViewController.swift in Sources */,
				DE44290A25474D3800A8657C /* UIView+Extension.swift in Sources */,
				DE7D994025D35A250053679C /* WordListViewController.swift in Sources */,
				DE7D994625D3635C0053679C /* WordTableViewCell.swift in Sources */,
				DE7D991725D2B97A0053679C /* StudyCollectionViewCell.swift in Sources */,
				DE617B8125406210009FEE40 /* Card+CoreDataClass.swift in Sources */,
				DE4428D62547017100A8657C /* CollectionsView.swift in Sources */,
				DE7D991E25D2C3840053679C /* FolderTableViewCell.swift in Sources */,
				DE77DAD724E6FE4D00095D73 /* AppDelegate.swift in Sources */,
				DE8E829C2547991B0067899B /* CardView+Extension.swift in Sources */,
				DE8E82C62548679F0067899B /* SearchView+Extension.swift in Sources */,
				DE913F1924EEA71300383CFC /* Definition.swift in Sources */,
				DE913F2324F1B25600383CFC /* AddWordTableViewCell.swift in Sources */,
				DE8E82E32549ADAA0067899B /* AddWordTableView.swift in Sources */,
				DE913F0024EC095200383CFC /* AddWordViewController.swift in Sources */,
				DE44290F25474D7A00A8657C /* ReviewView+Extension.swift in Sources */,
				DE8E82C12548645D0067899B /* SearchView.swift in Sources */,
				DE8E82D9254994490067899B /* AddWordView.swift in Sources */,
				DE44291425476B6600A8657C /* CardView.swift in Sources */,
				DE7D994C25D365FB0053679C /* WordView.swift in Sources */,
				DE913F1724EEA6A500383CFC /* AnswerRepository.swift in Sources */,
				DE8E82CB2548A9050067899B /* TextField+Extension.swift in Sources */,
				DE8E829425478A610067899B /* CardTableView.swift in Sources */,
				DE913F1B24EEA72400383CFC /* Answer.swift in Sources */,
				DE617B8325406210009FEE40 /* Collection+CoreDataClass.swift in Sources */,
				DE8E82DE25499F780067899B /* AddWordView+Extension.swift in Sources */,
				DE7D992D25D32B640053679C /* MessageCard.swift in Sources */,
				DEC831C32544987500229AFF /* Color+Extension.swift in Sources */,
				DEF04A8224EB0CC0003457F2 /* AddCollectionViewController.swift in Sources */,
				DE913F0324EC4F5800383CFC /* DefinitionTableViewCell.swift in Sources */,
				DEF04A7E24EB068E003457F2 /* ReviewViewController.swift in Sources */,
				DE77DAD924E6FE4D00095D73 /* SceneDelegate.swift in Sources */,
				DE617B30253F60F4009FEE40 /* CardRepository.swift in Sources */,
				DE913F1D24EEF3DA00383CFC /* SearchViewController.swift in Sources */,
				DE913F1524EDABE000383CFC /* Protocols.swift in Sources */,
				DE7D993225D337B20053679C /* StudyCollectionView.swift in Sources */,
				DE4428F22547238200A8657C /* ConfigViewController.swift in Sources */,
				DE4428DF2547025700A8657C /* CollectionsTableView.swift in Sources */,
				DE4429052547470400A8657C /* ReviewView.swift in Sources */,
				DE8E82A12547A1AB0067899B /* CardMessageView.swift in Sources */,
				DE4428F72547410800A8657C /* TabBar+Title.swift in Sources */,
				DE913F1224ED9E2800383CFC /* DateHelper.swift in Sources */,
				DEF04A6824EAB7BD003457F2 /* ColecoesTableViewCell.swift in Sources */,
				DE913F0B24ED5FF300383CFC /* Classification.swift in Sources */,
				DE617B8F254065FA009FEE40 /* CollectionRepositry.swift in Sources */,
				DE617B36253F668C009FEE40 /* memo.xcdatamodeld in Sources */,
				DE4428D12546FBC200A8657C /* TabBar.swift in Sources */,
			);
			runOnlyForDeploymentPostprocessing = 0;
		};
		DE77DAF024E6FE5000095D73 /* Sources */ = {
			isa = PBXSourcesBuildPhase;
			buildActionMask = 2147483647;
			files = (
				DE77DAF924E6FE5000095D73 /* memoUITests.swift in Sources */,
			);
			runOnlyForDeploymentPostprocessing = 0;
		};
		DE913F3924F3086900383CFC /* Sources */ = {
			isa = PBXSourcesBuildPhase;
			buildActionMask = 2147483647;
			files = (
				DE913F4A24F321EB00383CFC /* CardTests.swift in Sources */,
				DE913F4824F31D1200383CFC /* ClassificateTests.swift in Sources */,
				DE913F4024F3086900383CFC /* memoTests.swift in Sources */,
			);
			runOnlyForDeploymentPostprocessing = 0;
		};
/* End PBXSourcesBuildPhase section */

/* Begin PBXTargetDependency section */
		DE77DAF624E6FE5000095D73 /* PBXTargetDependency */ = {
			isa = PBXTargetDependency;
			target = DE77DAD224E6FE4D00095D73 /* memo */;
			targetProxy = DE77DAF524E6FE5000095D73 /* PBXContainerItemProxy */;
		};
		DE913F4324F3086900383CFC /* PBXTargetDependency */ = {
			isa = PBXTargetDependency;
			target = DE77DAD224E6FE4D00095D73 /* memo */;
			targetProxy = DE913F4224F3086900383CFC /* PBXContainerItemProxy */;
		};
/* End PBXTargetDependency section */

/* Begin PBXVariantGroup section */
		DE77DAE124E6FE5000095D73 /* LaunchScreen.storyboard */ = {
			isa = PBXVariantGroup;
			children = (
				DE77DAE224E6FE5000095D73 /* Base */,
			);
			name = LaunchScreen.storyboard;
			sourceTree = "<group>";
		};
/* End PBXVariantGroup section */

/* Begin XCBuildConfiguration section */
		DE77DAFB24E6FE5000095D73 /* Debug */ = {
			isa = XCBuildConfiguration;
			buildSettings = {
				ALWAYS_SEARCH_USER_PATHS = NO;
				CLANG_ANALYZER_NONNULL = YES;
				CLANG_ANALYZER_NUMBER_OBJECT_CONVERSION = YES_AGGRESSIVE;
				CLANG_CXX_LANGUAGE_STANDARD = "gnu++14";
				CLANG_CXX_LIBRARY = "libc++";
				CLANG_ENABLE_MODULES = YES;
				CLANG_ENABLE_OBJC_ARC = YES;
				CLANG_ENABLE_OBJC_WEAK = YES;
				CLANG_WARN_BLOCK_CAPTURE_AUTORELEASING = YES;
				CLANG_WARN_BOOL_CONVERSION = YES;
				CLANG_WARN_COMMA = YES;
				CLANG_WARN_CONSTANT_CONVERSION = YES;
				CLANG_WARN_DEPRECATED_OBJC_IMPLEMENTATIONS = YES;
				CLANG_WARN_DIRECT_OBJC_ISA_USAGE = YES_ERROR;
				CLANG_WARN_DOCUMENTATION_COMMENTS = YES;
				CLANG_WARN_EMPTY_BODY = YES;
				CLANG_WARN_ENUM_CONVERSION = YES;
				CLANG_WARN_INFINITE_RECURSION = YES;
				CLANG_WARN_INT_CONVERSION = YES;
				CLANG_WARN_NON_LITERAL_NULL_CONVERSION = YES;
				CLANG_WARN_OBJC_IMPLICIT_RETAIN_SELF = YES;
				CLANG_WARN_OBJC_LITERAL_CONVERSION = YES;
				CLANG_WARN_OBJC_ROOT_CLASS = YES_ERROR;
				CLANG_WARN_RANGE_LOOP_ANALYSIS = YES;
				CLANG_WARN_STRICT_PROTOTYPES = YES;
				CLANG_WARN_SUSPICIOUS_MOVE = YES;
				CLANG_WARN_UNGUARDED_AVAILABILITY = YES_AGGRESSIVE;
				CLANG_WARN_UNREACHABLE_CODE = YES;
				CLANG_WARN__DUPLICATE_METHOD_MATCH = YES;
				COPY_PHASE_STRIP = NO;
				DEBUG_INFORMATION_FORMAT = dwarf;
				ENABLE_STRICT_OBJC_MSGSEND = YES;
				ENABLE_TESTABILITY = YES;
				GCC_C_LANGUAGE_STANDARD = gnu11;
				GCC_DYNAMIC_NO_PIC = NO;
				GCC_NO_COMMON_BLOCKS = YES;
				GCC_OPTIMIZATION_LEVEL = 0;
				GCC_PREPROCESSOR_DEFINITIONS = (
					"DEBUG=1",
					"$(inherited)",
				);
				GCC_WARN_64_TO_32_BIT_CONVERSION = YES;
				GCC_WARN_ABOUT_RETURN_TYPE = YES_ERROR;
				GCC_WARN_UNDECLARED_SELECTOR = YES;
				GCC_WARN_UNINITIALIZED_AUTOS = YES_AGGRESSIVE;
				GCC_WARN_UNUSED_FUNCTION = YES;
				GCC_WARN_UNUSED_VARIABLE = YES;
				IPHONEOS_DEPLOYMENT_TARGET = 13.6;
				MTL_ENABLE_DEBUG_INFO = INCLUDE_SOURCE;
				MTL_FAST_MATH = YES;
				ONLY_ACTIVE_ARCH = YES;
				SDKROOT = iphoneos;
				SWIFT_ACTIVE_COMPILATION_CONDITIONS = DEBUG;
				SWIFT_OPTIMIZATION_LEVEL = "-Onone";
			};
			name = Debug;
		};
		DE77DAFC24E6FE5000095D73 /* Release */ = {
			isa = XCBuildConfiguration;
			buildSettings = {
				ALWAYS_SEARCH_USER_PATHS = NO;
				CLANG_ANALYZER_NONNULL = YES;
				CLANG_ANALYZER_NUMBER_OBJECT_CONVERSION = YES_AGGRESSIVE;
				CLANG_CXX_LANGUAGE_STANDARD = "gnu++14";
				CLANG_CXX_LIBRARY = "libc++";
				CLANG_ENABLE_MODULES = YES;
				CLANG_ENABLE_OBJC_ARC = YES;
				CLANG_ENABLE_OBJC_WEAK = YES;
				CLANG_WARN_BLOCK_CAPTURE_AUTORELEASING = YES;
				CLANG_WARN_BOOL_CONVERSION = YES;
				CLANG_WARN_COMMA = YES;
				CLANG_WARN_CONSTANT_CONVERSION = YES;
				CLANG_WARN_DEPRECATED_OBJC_IMPLEMENTATIONS = YES;
				CLANG_WARN_DIRECT_OBJC_ISA_USAGE = YES_ERROR;
				CLANG_WARN_DOCUMENTATION_COMMENTS = YES;
				CLANG_WARN_EMPTY_BODY = YES;
				CLANG_WARN_ENUM_CONVERSION = YES;
				CLANG_WARN_INFINITE_RECURSION = YES;
				CLANG_WARN_INT_CONVERSION = YES;
				CLANG_WARN_NON_LITERAL_NULL_CONVERSION = YES;
				CLANG_WARN_OBJC_IMPLICIT_RETAIN_SELF = YES;
				CLANG_WARN_OBJC_LITERAL_CONVERSION = YES;
				CLANG_WARN_OBJC_ROOT_CLASS = YES_ERROR;
				CLANG_WARN_RANGE_LOOP_ANALYSIS = YES;
				CLANG_WARN_STRICT_PROTOTYPES = YES;
				CLANG_WARN_SUSPICIOUS_MOVE = YES;
				CLANG_WARN_UNGUARDED_AVAILABILITY = YES_AGGRESSIVE;
				CLANG_WARN_UNREACHABLE_CODE = YES;
				CLANG_WARN__DUPLICATE_METHOD_MATCH = YES;
				COPY_PHASE_STRIP = NO;
				DEBUG_INFORMATION_FORMAT = "dwarf-with-dsym";
				ENABLE_NS_ASSERTIONS = NO;
				ENABLE_STRICT_OBJC_MSGSEND = YES;
				GCC_C_LANGUAGE_STANDARD = gnu11;
				GCC_NO_COMMON_BLOCKS = YES;
				GCC_WARN_64_TO_32_BIT_CONVERSION = YES;
				GCC_WARN_ABOUT_RETURN_TYPE = YES_ERROR;
				GCC_WARN_UNDECLARED_SELECTOR = YES;
				GCC_WARN_UNINITIALIZED_AUTOS = YES_AGGRESSIVE;
				GCC_WARN_UNUSED_FUNCTION = YES;
				GCC_WARN_UNUSED_VARIABLE = YES;
				IPHONEOS_DEPLOYMENT_TARGET = 13.6;
				MTL_ENABLE_DEBUG_INFO = NO;
				MTL_FAST_MATH = YES;
				SDKROOT = iphoneos;
				SWIFT_COMPILATION_MODE = wholemodule;
				SWIFT_OPTIMIZATION_LEVEL = "-O";
				VALIDATE_PRODUCT = YES;
			};
			name = Release;
		};
		DE77DAFE24E6FE5000095D73 /* Debug */ = {
			isa = XCBuildConfiguration;
			buildSettings = {
				ASSETCATALOG_COMPILER_APPICON_NAME = AppIcon;
				CODE_SIGN_STYLE = Automatic;
				DEVELOPMENT_TEAM = VV557L4WY2;
				INFOPLIST_FILE = memo/Info.plist;
				LD_RUNPATH_SEARCH_PATHS = (
					"$(inherited)",
					"@executable_path/Frameworks",
				);
				PRODUCT_BUNDLE_IDENTIFIER = com.academyifce.memo;
				PRODUCT_NAME = "$(TARGET_NAME)";
				SWIFT_VERSION = 5.0;
				TARGETED_DEVICE_FAMILY = "1,2";
			};
			name = Debug;
		};
		DE77DAFF24E6FE5000095D73 /* Release */ = {
			isa = XCBuildConfiguration;
			buildSettings = {
				ASSETCATALOG_COMPILER_APPICON_NAME = AppIcon;
				CODE_SIGN_STYLE = Automatic;
				DEVELOPMENT_TEAM = VV557L4WY2;
				INFOPLIST_FILE = memo/Info.plist;
				LD_RUNPATH_SEARCH_PATHS = (
					"$(inherited)",
					"@executable_path/Frameworks",
				);
				PRODUCT_BUNDLE_IDENTIFIER = com.academyifce.memo;
				PRODUCT_NAME = "$(TARGET_NAME)";
				SWIFT_VERSION = 5.0;
				TARGETED_DEVICE_FAMILY = "1,2";
			};
			name = Release;
		};
		DE77DB0424E6FE5000095D73 /* Debug */ = {
			isa = XCBuildConfiguration;
			buildSettings = {
				ALWAYS_EMBED_SWIFT_STANDARD_LIBRARIES = YES;
				CODE_SIGN_STYLE = Automatic;
				DEVELOPMENT_TEAM = VV557L4WY2;
				INFOPLIST_FILE = memoUITests/Info.plist;
				LD_RUNPATH_SEARCH_PATHS = (
					"$(inherited)",
					"@executable_path/Frameworks",
					"@loader_path/Frameworks",
				);
				PRODUCT_BUNDLE_IDENTIFIER = com.academyifce.memoUITests;
				PRODUCT_NAME = "$(TARGET_NAME)";
				SWIFT_VERSION = 5.0;
				TARGETED_DEVICE_FAMILY = "1,2";
				TEST_TARGET_NAME = memo;
			};
			name = Debug;
		};
		DE77DB0524E6FE5000095D73 /* Release */ = {
			isa = XCBuildConfiguration;
			buildSettings = {
				ALWAYS_EMBED_SWIFT_STANDARD_LIBRARIES = YES;
				CODE_SIGN_STYLE = Automatic;
				DEVELOPMENT_TEAM = VV557L4WY2;
				INFOPLIST_FILE = memoUITests/Info.plist;
				LD_RUNPATH_SEARCH_PATHS = (
					"$(inherited)",
					"@executable_path/Frameworks",
					"@loader_path/Frameworks",
				);
				PRODUCT_BUNDLE_IDENTIFIER = com.academyifce.memoUITests;
				PRODUCT_NAME = "$(TARGET_NAME)";
				SWIFT_VERSION = 5.0;
				TARGETED_DEVICE_FAMILY = "1,2";
				TEST_TARGET_NAME = memo;
			};
			name = Release;
		};
		DE913F4524F3086900383CFC /* Debug */ = {
			isa = XCBuildConfiguration;
			buildSettings = {
				BUNDLE_LOADER = "$(TEST_HOST)";
				CODE_SIGN_STYLE = Automatic;
				DEVELOPMENT_TEAM = VV557L4WY2;
				INFOPLIST_FILE = memoTests/Info.plist;
				LD_RUNPATH_SEARCH_PATHS = (
					"$(inherited)",
					"@executable_path/Frameworks",
					"@loader_path/Frameworks",
				);
				PRODUCT_BUNDLE_IDENTIFIER = com.academyifce.memoTests;
				PRODUCT_NAME = "$(TARGET_NAME)";
				SWIFT_VERSION = 5.0;
				TARGETED_DEVICE_FAMILY = "1,2";
				TEST_HOST = "$(BUILT_PRODUCTS_DIR)/memo.app/memo";
			};
			name = Debug;
		};
		DE913F4624F3086900383CFC /* Release */ = {
			isa = XCBuildConfiguration;
			buildSettings = {
				BUNDLE_LOADER = "$(TEST_HOST)";
				CODE_SIGN_STYLE = Automatic;
				DEVELOPMENT_TEAM = VV557L4WY2;
				INFOPLIST_FILE = memoTests/Info.plist;
				LD_RUNPATH_SEARCH_PATHS = (
					"$(inherited)",
					"@executable_path/Frameworks",
					"@loader_path/Frameworks",
				);
				PRODUCT_BUNDLE_IDENTIFIER = com.academyifce.memoTests;
				PRODUCT_NAME = "$(TARGET_NAME)";
				SWIFT_VERSION = 5.0;
				TARGETED_DEVICE_FAMILY = "1,2";
				TEST_HOST = "$(BUILT_PRODUCTS_DIR)/memo.app/memo";
			};
			name = Release;
		};
/* End XCBuildConfiguration section */

/* Begin XCConfigurationList section */
		DE77DACE24E6FE4D00095D73 /* Build configuration list for PBXProject "memo" */ = {
			isa = XCConfigurationList;
			buildConfigurations = (
				DE77DAFB24E6FE5000095D73 /* Debug */,
				DE77DAFC24E6FE5000095D73 /* Release */,
			);
			defaultConfigurationIsVisible = 0;
			defaultConfigurationName = Release;
		};
		DE77DAFD24E6FE5000095D73 /* Build configuration list for PBXNativeTarget "memo" */ = {
			isa = XCConfigurationList;
			buildConfigurations = (
				DE77DAFE24E6FE5000095D73 /* Debug */,
				DE77DAFF24E6FE5000095D73 /* Release */,
			);
			defaultConfigurationIsVisible = 0;
			defaultConfigurationName = Release;
		};
		DE77DB0324E6FE5000095D73 /* Build configuration list for PBXNativeTarget "memoUITests" */ = {
			isa = XCConfigurationList;
			buildConfigurations = (
				DE77DB0424E6FE5000095D73 /* Debug */,
				DE77DB0524E6FE5000095D73 /* Release */,
			);
			defaultConfigurationIsVisible = 0;
			defaultConfigurationName = Release;
		};
		DE913F4424F3086900383CFC /* Build configuration list for PBXNativeTarget "memoTests" */ = {
			isa = XCConfigurationList;
			buildConfigurations = (
				DE913F4524F3086900383CFC /* Debug */,
				DE913F4624F3086900383CFC /* Release */,
			);
			defaultConfigurationIsVisible = 0;
			defaultConfigurationName = Release;
		};
/* End XCConfigurationList section */

/* Begin XCVersionGroup section */
		DE617B34253F668C009FEE40 /* memo.xcdatamodeld */ = {
			isa = XCVersionGroup;
			children = (
				DE617B35253F668C009FEE40 /* memo.xcdatamodel */,
			);
			currentVersion = DE617B35253F668C009FEE40 /* memo.xcdatamodel */;
			path = memo.xcdatamodeld;
			sourceTree = "<group>";
			versionGroupType = wrapper.xcdatamodel;
		};
/* End XCVersionGroup section */
	};
	rootObject = DE77DACB24E6FE4D00095D73 /* Project object */;
}
